// !$*UTF8*$!
{
	archiveVersion = 1;
	classes = {
	};
	objectVersion = 46;
	objects = {

/* Begin PBXBuildFile section */
		27D30AA9CD52C80F1C65B44C /* Pods_DrinkingBruh.framework in Frameworks */ = {isa = PBXBuildFile; fileRef = BED49157291196A0FD3B2116 /* Pods_DrinkingBruh.framework */; };
		451CB1C1E59052720E5A3C3A /* Pods_DrinkingBruhTests.framework in Frameworks */ = {isa = PBXBuildFile; fileRef = CFDFF2A6E69D0596FF203E98 /* Pods_DrinkingBruhTests.framework */; };
		CD8C4B42B871C5E5E0D00B60 /* Pods_DrinkingBruhUITests.framework in Frameworks */ = {isa = PBXBuildFile; fileRef = C37EADEB42FD034DA5D47FE1 /* Pods_DrinkingBruhUITests.framework */; };
		DC3609851E8460E0006ECA50 /* AddFriendTableViewCell.swift in Sources */ = {isa = PBXBuildFile; fileRef = DC3609821E8460E0006ECA50 /* AddFriendTableViewCell.swift */; };
		DC3609861E8460E0006ECA50 /* AddFriendTableViewController.swift in Sources */ = {isa = PBXBuildFile; fileRef = DC3609831E8460E0006ECA50 /* AddFriendTableViewController.swift */; };
		DC36098C1E8461FE006ECA50 /* FriendsTableViewController.swift in Sources */ = {isa = PBXBuildFile; fileRef = DC36098B1E8461FE006ECA50 /* FriendsTableViewController.swift */; };
		DC45DAB71E68E4170038F653 /* GoogleService-Info.plist in Resources */ = {isa = PBXBuildFile; fileRef = DC45DAB61E68E4170038F653 /* GoogleService-Info.plist */; };
		DC45DABB1E68E5780038F653 /* SignInViewController.swift in Sources */ = {isa = PBXBuildFile; fileRef = DC45DABA1E68E5780038F653 /* SignInViewController.swift */; };
		DC45DABD1E68E6600038F653 /* RegistrationViewController.swift in Sources */ = {isa = PBXBuildFile; fileRef = DC45DABC1E68E6600038F653 /* RegistrationViewController.swift */; };
		DC5CFE311E55297B00205DF4 /* AppDelegate.swift in Sources */ = {isa = PBXBuildFile; fileRef = DC5CFE301E55297B00205DF4 /* AppDelegate.swift */; };
		DC5CFE361E55297B00205DF4 /* Main.storyboard in Resources */ = {isa = PBXBuildFile; fileRef = DC5CFE341E55297B00205DF4 /* Main.storyboard */; };
		DC5CFE381E55297B00205DF4 /* Assets.xcassets in Resources */ = {isa = PBXBuildFile; fileRef = DC5CFE371E55297B00205DF4 /* Assets.xcassets */; };
		DC5CFE461E55297B00205DF4 /* DrinkingBruhTests.swift in Sources */ = {isa = PBXBuildFile; fileRef = DC5CFE451E55297B00205DF4 /* DrinkingBruhTests.swift */; };
		DC5CFE511E55297B00205DF4 /* DrinkingBruhUITests.swift in Sources */ = {isa = PBXBuildFile; fileRef = DC5CFE501E55297B00205DF4 /* DrinkingBruhUITests.swift */; };
		DC8FB6F71E7C333E00EB3E63 /* HomeViewController.swift in Sources */ = {isa = PBXBuildFile; fileRef = DC8FB6F61E7C333E00EB3E63 /* HomeViewController.swift */; };
		DCA6CA3F1E84EE5E00424D3B /* FriendRequestsTableViewController.swift in Sources */ = {isa = PBXBuildFile; fileRef = DCA6CA3E1E84EE5E00424D3B /* FriendRequestsTableViewController.swift */; };
		DCA6CA411E84F6B400424D3B /* FriendRequestTableViewCell.swift in Sources */ = {isa = PBXBuildFile; fileRef = DCA6CA401E84F6B400424D3B /* FriendRequestTableViewCell.swift */; };
/* End PBXBuildFile section */

/* Begin PBXContainerItemProxy section */
		DC5CFE421E55297B00205DF4 /* PBXContainerItemProxy */ = {
			isa = PBXContainerItemProxy;
			containerPortal = DC5CFE251E55297B00205DF4 /* Project object */;
			proxyType = 1;
			remoteGlobalIDString = DC5CFE2C1E55297B00205DF4;
			remoteInfo = DrinkingBruh;
		};
		DC5CFE4D1E55297B00205DF4 /* PBXContainerItemProxy */ = {
			isa = PBXContainerItemProxy;
			containerPortal = DC5CFE251E55297B00205DF4 /* Project object */;
			proxyType = 1;
			remoteGlobalIDString = DC5CFE2C1E55297B00205DF4;
			remoteInfo = DrinkingBruh;
		};
/* End PBXContainerItemProxy section */

/* Begin PBXFileReference section */
		2F8B250EC5EA89D84F188A92 /* Pods-DrinkingBruh.release.xcconfig */ = {isa = PBXFileReference; includeInIndex = 1; lastKnownFileType = text.xcconfig; name = "Pods-DrinkingBruh.release.xcconfig"; path = "Pods/Target Support Files/Pods-DrinkingBruh/Pods-DrinkingBruh.release.xcconfig"; sourceTree = "<group>"; };
		33D0049DC12BF93CCEABFE31 /* Pods-DrinkingBruhTests.release.xcconfig */ = {isa = PBXFileReference; includeInIndex = 1; lastKnownFileType = text.xcconfig; name = "Pods-DrinkingBruhTests.release.xcconfig"; path = "Pods/Target Support Files/Pods-DrinkingBruhTests/Pods-DrinkingBruhTests.release.xcconfig"; sourceTree = "<group>"; };
		380EB5435B58586BD3D29EB3 /* Pods-DrinkingBruhTests.debug.xcconfig */ = {isa = PBXFileReference; includeInIndex = 1; lastKnownFileType = text.xcconfig; name = "Pods-DrinkingBruhTests.debug.xcconfig"; path = "Pods/Target Support Files/Pods-DrinkingBruhTests/Pods-DrinkingBruhTests.debug.xcconfig"; sourceTree = "<group>"; };
		AD7CBB29FBB31F91CD9BC77A /* Pods-DrinkingBruh.debug.xcconfig */ = {isa = PBXFileReference; includeInIndex = 1; lastKnownFileType = text.xcconfig; name = "Pods-DrinkingBruh.debug.xcconfig"; path = "Pods/Target Support Files/Pods-DrinkingBruh/Pods-DrinkingBruh.debug.xcconfig"; sourceTree = "<group>"; };
		BE1A713617BE92617919251B /* Pods-DrinkingBruhUITests.release.xcconfig */ = {isa = PBXFileReference; includeInIndex = 1; lastKnownFileType = text.xcconfig; name = "Pods-DrinkingBruhUITests.release.xcconfig"; path = "Pods/Target Support Files/Pods-DrinkingBruhUITests/Pods-DrinkingBruhUITests.release.xcconfig"; sourceTree = "<group>"; };
		BED49157291196A0FD3B2116 /* Pods_DrinkingBruh.framework */ = {isa = PBXFileReference; explicitFileType = wrapper.framework; includeInIndex = 0; path = Pods_DrinkingBruh.framework; sourceTree = BUILT_PRODUCTS_DIR; };
		BFEBFEED2172A7A25ACC8ECC /* Pods-DrinkingBruhUITests.debug.xcconfig */ = {isa = PBXFileReference; includeInIndex = 1; lastKnownFileType = text.xcconfig; name = "Pods-DrinkingBruhUITests.debug.xcconfig"; path = "Pods/Target Support Files/Pods-DrinkingBruhUITests/Pods-DrinkingBruhUITests.debug.xcconfig"; sourceTree = "<group>"; };
		C37EADEB42FD034DA5D47FE1 /* Pods_DrinkingBruhUITests.framework */ = {isa = PBXFileReference; explicitFileType = wrapper.framework; includeInIndex = 0; path = Pods_DrinkingBruhUITests.framework; sourceTree = BUILT_PRODUCTS_DIR; };
		CFDFF2A6E69D0596FF203E98 /* Pods_DrinkingBruhTests.framework */ = {isa = PBXFileReference; explicitFileType = wrapper.framework; includeInIndex = 0; path = Pods_DrinkingBruhTests.framework; sourceTree = BUILT_PRODUCTS_DIR; };
		DC3609821E8460E0006ECA50 /* AddFriendTableViewCell.swift */ = {isa = PBXFileReference; fileEncoding = 4; lastKnownFileType = sourcecode.swift; path = AddFriendTableViewCell.swift; sourceTree = "<group>"; };
		DC3609831E8460E0006ECA50 /* AddFriendTableViewController.swift */ = {isa = PBXFileReference; fileEncoding = 4; lastKnownFileType = sourcecode.swift; path = AddFriendTableViewController.swift; sourceTree = "<group>"; };
		DC36098B1E8461FE006ECA50 /* FriendsTableViewController.swift */ = {isa = PBXFileReference; fileEncoding = 4; lastKnownFileType = sourcecode.swift; path = FriendsTableViewController.swift; sourceTree = "<group>"; };
		DC45DAB61E68E4170038F653 /* GoogleService-Info.plist */ = {isa = PBXFileReference; fileEncoding = 4; lastKnownFileType = text.plist.xml; path = "GoogleService-Info.plist"; sourceTree = "<group>"; };
		DC45DABA1E68E5780038F653 /* SignInViewController.swift */ = {isa = PBXFileReference; fileEncoding = 4; lastKnownFileType = sourcecode.swift; path = SignInViewController.swift; sourceTree = "<group>"; };
		DC45DABC1E68E6600038F653 /* RegistrationViewController.swift */ = {isa = PBXFileReference; fileEncoding = 4; lastKnownFileType = sourcecode.swift; path = RegistrationViewController.swift; sourceTree = "<group>"; };
		DC5CFE2D1E55297B00205DF4 /* DrinkingBruh.app */ = {isa = PBXFileReference; explicitFileType = wrapper.application; includeInIndex = 0; path = DrinkingBruh.app; sourceTree = BUILT_PRODUCTS_DIR; };
		DC5CFE301E55297B00205DF4 /* AppDelegate.swift */ = {isa = PBXFileReference; lastKnownFileType = sourcecode.swift; path = AppDelegate.swift; sourceTree = "<group>"; };
		DC5CFE351E55297B00205DF4 /* Base */ = {isa = PBXFileReference; lastKnownFileType = file.storyboard; name = Base; path = Base.lproj/Main.storyboard; sourceTree = "<group>"; };
		DC5CFE371E55297B00205DF4 /* Assets.xcassets */ = {isa = PBXFileReference; lastKnownFileType = folder.assetcatalog; path = Assets.xcassets; sourceTree = "<group>"; };
		DC5CFE3C1E55297B00205DF4 /* Info.plist */ = {isa = PBXFileReference; lastKnownFileType = text.plist.xml; path = Info.plist; sourceTree = "<group>"; };
		DC5CFE411E55297B00205DF4 /* DrinkingBruhTests.xctest */ = {isa = PBXFileReference; explicitFileType = wrapper.cfbundle; includeInIndex = 0; path = DrinkingBruhTests.xctest; sourceTree = BUILT_PRODUCTS_DIR; };
		DC5CFE451E55297B00205DF4 /* DrinkingBruhTests.swift */ = {isa = PBXFileReference; lastKnownFileType = sourcecode.swift; path = DrinkingBruhTests.swift; sourceTree = "<group>"; };
		DC5CFE471E55297B00205DF4 /* Info.plist */ = {isa = PBXFileReference; lastKnownFileType = text.plist.xml; path = Info.plist; sourceTree = "<group>"; };
		DC5CFE4C1E55297B00205DF4 /* DrinkingBruhUITests.xctest */ = {isa = PBXFileReference; explicitFileType = wrapper.cfbundle; includeInIndex = 0; path = DrinkingBruhUITests.xctest; sourceTree = BUILT_PRODUCTS_DIR; };
		DC5CFE501E55297B00205DF4 /* DrinkingBruhUITests.swift */ = {isa = PBXFileReference; lastKnownFileType = sourcecode.swift; path = DrinkingBruhUITests.swift; sourceTree = "<group>"; };
		DC5CFE521E55297B00205DF4 /* Info.plist */ = {isa = PBXFileReference; lastKnownFileType = text.plist.xml; path = Info.plist; sourceTree = "<group>"; };
		DC8FB6F61E7C333E00EB3E63 /* HomeViewController.swift */ = {isa = PBXFileReference; fileEncoding = 4; lastKnownFileType = sourcecode.swift; path = HomeViewController.swift; sourceTree = "<group>"; };
		DCA6CA3E1E84EE5E00424D3B /* FriendRequestsTableViewController.swift */ = {isa = PBXFileReference; fileEncoding = 4; lastKnownFileType = sourcecode.swift; path = FriendRequestsTableViewController.swift; sourceTree = "<group>"; };
		DCA6CA401E84F6B400424D3B /* FriendRequestTableViewCell.swift */ = {isa = PBXFileReference; fileEncoding = 4; lastKnownFileType = sourcecode.swift; path = FriendRequestTableViewCell.swift; sourceTree = "<group>"; };
/* End PBXFileReference section */

/* Begin PBXFrameworksBuildPhase section */
		DC5CFE2A1E55297B00205DF4 /* Frameworks */ = {
			isa = PBXFrameworksBuildPhase;
			buildActionMask = 2147483647;
			files = (
				27D30AA9CD52C80F1C65B44C /* Pods_DrinkingBruh.framework in Frameworks */,
			);
			runOnlyForDeploymentPostprocessing = 0;
		};
		DC5CFE3E1E55297B00205DF4 /* Frameworks */ = {
			isa = PBXFrameworksBuildPhase;
			buildActionMask = 2147483647;
			files = (
				451CB1C1E59052720E5A3C3A /* Pods_DrinkingBruhTests.framework in Frameworks */,
			);
			runOnlyForDeploymentPostprocessing = 0;
		};
		DC5CFE491E55297B00205DF4 /* Frameworks */ = {
			isa = PBXFrameworksBuildPhase;
			buildActionMask = 2147483647;
			files = (
				CD8C4B42B871C5E5E0D00B60 /* Pods_DrinkingBruhUITests.framework in Frameworks */,
			);
			runOnlyForDeploymentPostprocessing = 0;
		};
/* End PBXFrameworksBuildPhase section */

/* Begin PBXGroup section */
		582024CA08A35CAE5EAFB55D /* Pods */ = {
			isa = PBXGroup;
			children = (
				AD7CBB29FBB31F91CD9BC77A /* Pods-DrinkingBruh.debug.xcconfig */,
				2F8B250EC5EA89D84F188A92 /* Pods-DrinkingBruh.release.xcconfig */,
				380EB5435B58586BD3D29EB3 /* Pods-DrinkingBruhTests.debug.xcconfig */,
				33D0049DC12BF93CCEABFE31 /* Pods-DrinkingBruhTests.release.xcconfig */,
				BFEBFEED2172A7A25ACC8ECC /* Pods-DrinkingBruhUITests.debug.xcconfig */,
				BE1A713617BE92617919251B /* Pods-DrinkingBruhUITests.release.xcconfig */,
			);
			name = Pods;
			sourceTree = "<group>";
		};
		59F707432F29AA2928E2EFA4 /* Frameworks */ = {
			isa = PBXGroup;
			children = (
				BED49157291196A0FD3B2116 /* Pods_DrinkingBruh.framework */,
				CFDFF2A6E69D0596FF203E98 /* Pods_DrinkingBruhTests.framework */,
				C37EADEB42FD034DA5D47FE1 /* Pods_DrinkingBruhUITests.framework */,
			);
			name = Frameworks;
			sourceTree = "<group>";
		};
		DC3609881E84610E006ECA50 /* Friends */ = {
			isa = PBXGroup;
			children = (
				DC3609831E8460E0006ECA50 /* AddFriendTableViewController.swift */,
				DC3609821E8460E0006ECA50 /* AddFriendTableViewCell.swift */,
				DC36098B1E8461FE006ECA50 /* FriendsTableViewController.swift */,
				DCA6CA3E1E84EE5E00424D3B /* FriendRequestsTableViewController.swift */,
				DCA6CA401E84F6B400424D3B /* FriendRequestTableViewCell.swift */,
			);
			name = Friends;
			sourceTree = "<group>";
		};
		DC5CFE241E55297B00205DF4 = {
			isa = PBXGroup;
			children = (
				DC5CFE2F1E55297B00205DF4 /* DrinkingBruh */,
				DC5CFE441E55297B00205DF4 /* DrinkingBruhTests */,
				DC5CFE4F1E55297B00205DF4 /* DrinkingBruhUITests */,
				DC5CFE2E1E55297B00205DF4 /* Products */,
				582024CA08A35CAE5EAFB55D /* Pods */,
				59F707432F29AA2928E2EFA4 /* Frameworks */,
			);
			sourceTree = "<group>";
		};
		DC5CFE2E1E55297B00205DF4 /* Products */ = {
			isa = PBXGroup;
			children = (
				DC5CFE2D1E55297B00205DF4 /* DrinkingBruh.app */,
				DC5CFE411E55297B00205DF4 /* DrinkingBruhTests.xctest */,
				DC5CFE4C1E55297B00205DF4 /* DrinkingBruhUITests.xctest */,
			);
			name = Products;
			sourceTree = "<group>";
		};
		DC5CFE2F1E55297B00205DF4 /* DrinkingBruh */ = {
			isa = PBXGroup;
			children = (
				DC3609881E84610E006ECA50 /* Friends */,
				DC45DAB61E68E4170038F653 /* GoogleService-Info.plist */,
				DC5CFE301E55297B00205DF4 /* AppDelegate.swift */,
				DC45DABA1E68E5780038F653 /* SignInViewController.swift */,
				DC45DABC1E68E6600038F653 /* RegistrationViewController.swift */,
				DC8FB6F61E7C333E00EB3E63 /* HomeViewController.swift */,
				DC5CFE341E55297B00205DF4 /* Main.storyboard */,
				DC5CFE371E55297B00205DF4 /* Assets.xcassets */,
				DC5CFE3C1E55297B00205DF4 /* Info.plist */,
			);
			path = DrinkingBruh;
			sourceTree = "<group>";
		};
		DC5CFE441E55297B00205DF4 /* DrinkingBruhTests */ = {
			isa = PBXGroup;
			children = (
				DC5CFE451E55297B00205DF4 /* DrinkingBruhTests.swift */,
				DC5CFE471E55297B00205DF4 /* Info.plist */,
			);
			path = DrinkingBruhTests;
			sourceTree = "<group>";
		};
		DC5CFE4F1E55297B00205DF4 /* DrinkingBruhUITests */ = {
			isa = PBXGroup;
			children = (
				DC5CFE501E55297B00205DF4 /* DrinkingBruhUITests.swift */,
				DC5CFE521E55297B00205DF4 /* Info.plist */,
			);
			path = DrinkingBruhUITests;
			sourceTree = "<group>";
		};
/* End PBXGroup section */

/* Begin PBXNativeTarget section */
		DC5CFE2C1E55297B00205DF4 /* DrinkingBruh */ = {
			isa = PBXNativeTarget;
			buildConfigurationList = DC5CFE551E55297B00205DF4 /* Build configuration list for PBXNativeTarget "DrinkingBruh" */;
			buildPhases = (
				A1461E32782EA2FA7EC3C148 /* [CP] Check Pods Manifest.lock */,
				DC5CFE291E55297B00205DF4 /* Sources */,
				DC5CFE2A1E55297B00205DF4 /* Frameworks */,
				DC5CFE2B1E55297B00205DF4 /* Resources */,
				94DB51E067096DB78AA20600 /* [CP] Embed Pods Frameworks */,
				A900A3D6C370C9874EE62BF3 /* [CP] Copy Pods Resources */,
			);
			buildRules = (
			);
			dependencies = (
			);
			name = DrinkingBruh;
			productName = DrinkingBruh;
			productReference = DC5CFE2D1E55297B00205DF4 /* DrinkingBruh.app */;
			productType = "com.apple.product-type.application";
		};
		DC5CFE401E55297B00205DF4 /* DrinkingBruhTests */ = {
			isa = PBXNativeTarget;
			buildConfigurationList = DC5CFE581E55297B00205DF4 /* Build configuration list for PBXNativeTarget "DrinkingBruhTests" */;
			buildPhases = (
				AC5A303C9175F94ECB22285A /* [CP] Check Pods Manifest.lock */,
				DC5CFE3D1E55297B00205DF4 /* Sources */,
				DC5CFE3E1E55297B00205DF4 /* Frameworks */,
				DC5CFE3F1E55297B00205DF4 /* Resources */,
				63ECC5F0F0472CDDFB608325 /* [CP] Embed Pods Frameworks */,
				D69224779F60BF4B7ACD8465 /* [CP] Copy Pods Resources */,
			);
			buildRules = (
			);
			dependencies = (
				DC5CFE431E55297B00205DF4 /* PBXTargetDependency */,
			);
			name = DrinkingBruhTests;
			productName = DrinkingBruhTests;
			productReference = DC5CFE411E55297B00205DF4 /* DrinkingBruhTests.xctest */;
			productType = "com.apple.product-type.bundle.unit-test";
		};
		DC5CFE4B1E55297B00205DF4 /* DrinkingBruhUITests */ = {
			isa = PBXNativeTarget;
			buildConfigurationList = DC5CFE5B1E55297B00205DF4 /* Build configuration list for PBXNativeTarget "DrinkingBruhUITests" */;
			buildPhases = (
				02B16B193009E56C5A513019 /* [CP] Check Pods Manifest.lock */,
				DC5CFE481E55297B00205DF4 /* Sources */,
				DC5CFE491E55297B00205DF4 /* Frameworks */,
				DC5CFE4A1E55297B00205DF4 /* Resources */,
				2A043926C292C4B9F2CABD29 /* [CP] Embed Pods Frameworks */,
				4E3F8386CEEBEAC261896393 /* [CP] Copy Pods Resources */,
			);
			buildRules = (
			);
			dependencies = (
				DC5CFE4E1E55297B00205DF4 /* PBXTargetDependency */,
			);
			name = DrinkingBruhUITests;
			productName = DrinkingBruhUITests;
			productReference = DC5CFE4C1E55297B00205DF4 /* DrinkingBruhUITests.xctest */;
			productType = "com.apple.product-type.bundle.ui-testing";
		};
/* End PBXNativeTarget section */

/* Begin PBXProject section */
		DC5CFE251E55297B00205DF4 /* Project object */ = {
			isa = PBXProject;
			attributes = {
				LastSwiftUpdateCheck = 0820;
				LastUpgradeCheck = 0820;
				ORGANIZATIONNAME = "Cynthia  Ibarra";
				TargetAttributes = {
					DC5CFE2C1E55297B00205DF4 = {
						CreatedOnToolsVersion = 8.2;
						DevelopmentTeam = 7GGJ3YUFK7;
						ProvisioningStyle = Automatic;
					};
					DC5CFE401E55297B00205DF4 = {
						CreatedOnToolsVersion = 8.2;
						DevelopmentTeam = 7GGJ3YUFK7;
						ProvisioningStyle = Automatic;
						TestTargetID = DC5CFE2C1E55297B00205DF4;
					};
					DC5CFE4B1E55297B00205DF4 = {
						CreatedOnToolsVersion = 8.2;
						DevelopmentTeam = 7GGJ3YUFK7;
						ProvisioningStyle = Automatic;
						TestTargetID = DC5CFE2C1E55297B00205DF4;
					};
				};
			};
			buildConfigurationList = DC5CFE281E55297B00205DF4 /* Build configuration list for PBXProject "DrinkingBruh" */;
			compatibilityVersion = "Xcode 3.2";
			developmentRegion = English;
			hasScannedForEncodings = 0;
			knownRegions = (
				en,
				Base,
			);
			mainGroup = DC5CFE241E55297B00205DF4;
			productRefGroup = DC5CFE2E1E55297B00205DF4 /* Products */;
			projectDirPath = "";
			projectRoot = "";
			targets = (
				DC5CFE2C1E55297B00205DF4 /* DrinkingBruh */,
				DC5CFE401E55297B00205DF4 /* DrinkingBruhTests */,
				DC5CFE4B1E55297B00205DF4 /* DrinkingBruhUITests */,
			);
		};
/* End PBXProject section */

/* Begin PBXResourcesBuildPhase section */
		DC5CFE2B1E55297B00205DF4 /* Resources */ = {
			isa = PBXResourcesBuildPhase;
			buildActionMask = 2147483647;
			files = (
				DC45DAB71E68E4170038F653 /* GoogleService-Info.plist in Resources */,
				DC5CFE381E55297B00205DF4 /* Assets.xcassets in Resources */,
				DC5CFE361E55297B00205DF4 /* Main.storyboard in Resources */,
			);
			runOnlyForDeploymentPostprocessing = 0;
		};
		DC5CFE3F1E55297B00205DF4 /* Resources */ = {
			isa = PBXResourcesBuildPhase;
			buildActionMask = 2147483647;
			files = (
			);
			runOnlyForDeploymentPostprocessing = 0;
		};
		DC5CFE4A1E55297B00205DF4 /* Resources */ = {
			isa = PBXResourcesBuildPhase;
			buildActionMask = 2147483647;
			files = (
			);
			runOnlyForDeploymentPostprocessing = 0;
		};
/* End PBXResourcesBuildPhase section */

/* Begin PBXShellScriptBuildPhase section */
		02B16B193009E56C5A513019 /* [CP] Check Pods Manifest.lock */ = {
			isa = PBXShellScriptBuildPhase;
			buildActionMask = 2147483647;
			files = (
			);
			inputPaths = (
			);
			name = "[CP] Check Pods Manifest.lock";
			outputPaths = (
			);
			runOnlyForDeploymentPostprocessing = 0;
			shellPath = /bin/sh;
			shellScript = "diff \"${PODS_ROOT}/../Podfile.lock\" \"${PODS_ROOT}/Manifest.lock\" > /dev/null\nif [ $? != 0 ] ; then\n    # print error to STDERR\n    echo \"error: The sandbox is not in sync with the Podfile.lock. Run 'pod install' or update your CocoaPods installation.\" >&2\n    exit 1\nfi\n";
			showEnvVarsInLog = 0;
		};
		2A043926C292C4B9F2CABD29 /* [CP] Embed Pods Frameworks */ = {
			isa = PBXShellScriptBuildPhase;
			buildActionMask = 2147483647;
			files = (
			);
			inputPaths = (
			);
			name = "[CP] Embed Pods Frameworks";
			outputPaths = (
			);
			runOnlyForDeploymentPostprocessing = 0;
			shellPath = /bin/sh;
			shellScript = "\"${SRCROOT}/Pods/Target Support Files/Pods-DrinkingBruhUITests/Pods-DrinkingBruhUITests-frameworks.sh\"\n";
			showEnvVarsInLog = 0;
		};
		4E3F8386CEEBEAC261896393 /* [CP] Copy Pods Resources */ = {
			isa = PBXShellScriptBuildPhase;
			buildActionMask = 2147483647;
			files = (
			);
			inputPaths = (
			);
			name = "[CP] Copy Pods Resources";
			outputPaths = (
			);
			runOnlyForDeploymentPostprocessing = 0;
			shellPath = /bin/sh;
			shellScript = "\"${SRCROOT}/Pods/Target Support Files/Pods-DrinkingBruhUITests/Pods-DrinkingBruhUITests-resources.sh\"\n";
			showEnvVarsInLog = 0;
		};
		63ECC5F0F0472CDDFB608325 /* [CP] Embed Pods Frameworks */ = {
			isa = PBXShellScriptBuildPhase;
			buildActionMask = 2147483647;
			files = (
			);
			inputPaths = (
			);
			name = "[CP] Embed Pods Frameworks";
			outputPaths = (
			);
			runOnlyForDeploymentPostprocessing = 0;
			shellPath = /bin/sh;
			shellScript = "\"${SRCROOT}/Pods/Target Support Files/Pods-DrinkingBruhTests/Pods-DrinkingBruhTests-frameworks.sh\"\n";
			showEnvVarsInLog = 0;
		};
		94DB51E067096DB78AA20600 /* [CP] Embed Pods Frameworks */ = {
			isa = PBXShellScriptBuildPhase;
			buildActionMask = 2147483647;
			files = (
			);
			inputPaths = (
			);
			name = "[CP] Embed Pods Frameworks";
			outputPaths = (
			);
			runOnlyForDeploymentPostprocessing = 0;
			shellPath = /bin/sh;
			shellScript = "\"${SRCROOT}/Pods/Target Support Files/Pods-DrinkingBruh/Pods-DrinkingBruh-frameworks.sh\"\n";
			showEnvVarsInLog = 0;
		};
		A1461E32782EA2FA7EC3C148 /* [CP] Check Pods Manifest.lock */ = {
			isa = PBXShellScriptBuildPhase;
			buildActionMask = 2147483647;
			files = (
			);
			inputPaths = (
			);
			name = "[CP] Check Pods Manifest.lock";
			outputPaths = (
			);
			runOnlyForDeploymentPostprocessing = 0;
			shellPath = /bin/sh;
			shellScript = "diff \"${PODS_ROOT}/../Podfile.lock\" \"${PODS_ROOT}/Manifest.lock\" > /dev/null\nif [ $? != 0 ] ; then\n    # print error to STDERR\n    echo \"error: The sandbox is not in sync with the Podfile.lock. Run 'pod install' or update your CocoaPods installation.\" >&2\n    exit 1\nfi\n";
			showEnvVarsInLog = 0;
		};
		A900A3D6C370C9874EE62BF3 /* [CP] Copy Pods Resources */ = {
			isa = PBXShellScriptBuildPhase;
			buildActionMask = 2147483647;
			files = (
			);
			inputPaths = (
			);
			name = "[CP] Copy Pods Resources";
			outputPaths = (
			);
			runOnlyForDeploymentPostprocessing = 0;
			shellPath = /bin/sh;
			shellScript = "\"${SRCROOT}/Pods/Target Support Files/Pods-DrinkingBruh/Pods-DrinkingBruh-resources.sh\"\n";
			showEnvVarsInLog = 0;
		};
		AC5A303C9175F94ECB22285A /* [CP] Check Pods Manifest.lock */ = {
			isa = PBXShellScriptBuildPhase;
			buildActionMask = 2147483647;
			files = (
			);
			inputPaths = (
			);
			name = "[CP] Check Pods Manifest.lock";
			outputPaths = (
			);
			runOnlyForDeploymentPostprocessing = 0;
			shellPath = /bin/sh;
			shellScript = "diff \"${PODS_ROOT}/../Podfile.lock\" \"${PODS_ROOT}/Manifest.lock\" > /dev/null\nif [ $? != 0 ] ; then\n    # print error to STDERR\n    echo \"error: The sandbox is not in sync with the Podfile.lock. Run 'pod install' or update your CocoaPods installation.\" >&2\n    exit 1\nfi\n";
			showEnvVarsInLog = 0;
		};
		D69224779F60BF4B7ACD8465 /* [CP] Copy Pods Resources */ = {
			isa = PBXShellScriptBuildPhase;
			buildActionMask = 2147483647;
			files = (
			);
			inputPaths = (
			);
			name = "[CP] Copy Pods Resources";
			outputPaths = (
			);
			runOnlyForDeploymentPostprocessing = 0;
			shellPath = /bin/sh;
			shellScript = "\"${SRCROOT}/Pods/Target Support Files/Pods-DrinkingBruhTests/Pods-DrinkingBruhTests-resources.sh\"\n";
			showEnvVarsInLog = 0;
		};
/* End PBXShellScriptBuildPhase section */

/* Begin PBXSourcesBuildPhase section */
		DC5CFE291E55297B00205DF4 /* Sources */ = {
			isa = PBXSourcesBuildPhase;
			buildActionMask = 2147483647;
			files = (
				DCA6CA411E84F6B400424D3B /* FriendRequestTableViewCell.swift in Sources */,
				DC45DABD1E68E6600038F653 /* RegistrationViewController.swift in Sources */,
				DC3609851E8460E0006ECA50 /* AddFriendTableViewCell.swift in Sources */,
				DC45DABB1E68E5780038F653 /* SignInViewController.swift in Sources */,
				DC3609861E8460E0006ECA50 /* AddFriendTableViewController.swift in Sources */,
				DC5CFE311E55297B00205DF4 /* AppDelegate.swift in Sources */,
				DCA6CA3F1E84EE5E00424D3B /* FriendRequestsTableViewController.swift in Sources */,
				DC36098C1E8461FE006ECA50 /* FriendsTableViewController.swift in Sources */,
				DC8FB6F71E7C333E00EB3E63 /* HomeViewController.swift in Sources */,
			);
			runOnlyForDeploymentPostprocessing = 0;
		};
		DC5CFE3D1E55297B00205DF4 /* Sources */ = {
			isa = PBXSourcesBuildPhase;
			buildActionMask = 2147483647;
			files = (
				DC5CFE461E55297B00205DF4 /* DrinkingBruhTests.swift in Sources */,
			);
			runOnlyForDeploymentPostprocessing = 0;
		};
		DC5CFE481E55297B00205DF4 /* Sources */ = {
			isa = PBXSourcesBuildPhase;
			buildActionMask = 2147483647;
			files = (
				DC5CFE511E55297B00205DF4 /* DrinkingBruhUITests.swift in Sources */,
			);
			runOnlyForDeploymentPostprocessing = 0;
		};
/* End PBXSourcesBuildPhase section */

/* Begin PBXTargetDependency section */
		DC5CFE431E55297B00205DF4 /* PBXTargetDependency */ = {
			isa = PBXTargetDependency;
			target = DC5CFE2C1E55297B00205DF4 /* DrinkingBruh */;
			targetProxy = DC5CFE421E55297B00205DF4 /* PBXContainerItemProxy */;
		};
		DC5CFE4E1E55297B00205DF4 /* PBXTargetDependency */ = {
			isa = PBXTargetDependency;
			target = DC5CFE2C1E55297B00205DF4 /* DrinkingBruh */;
			targetProxy = DC5CFE4D1E55297B00205DF4 /* PBXContainerItemProxy */;
		};
/* End PBXTargetDependency section */

/* Begin PBXVariantGroup section */
		DC5CFE341E55297B00205DF4 /* Main.storyboard */ = {
			isa = PBXVariantGroup;
			children = (
				DC5CFE351E55297B00205DF4 /* Base */,
			);
			name = Main.storyboard;
			sourceTree = "<group>";
		};
/* End PBXVariantGroup section */

/* Begin XCBuildConfiguration section */
		DC5CFE531E55297B00205DF4 /* Debug */ = {
			isa = XCBuildConfiguration;
			buildSettings = {
				ALWAYS_SEARCH_USER_PATHS = NO;
				CLANG_ANALYZER_NONNULL = YES;
				CLANG_CXX_LANGUAGE_STANDARD = "gnu++0x";
				CLANG_CXX_LIBRARY = "libc++";
				CLANG_ENABLE_MODULES = YES;
				CLANG_ENABLE_OBJC_ARC = YES;
				CLANG_WARN_BOOL_CONVERSION = YES;
				CLANG_WARN_CONSTANT_CONVERSION = YES;
				CLANG_WARN_DIRECT_OBJC_ISA_USAGE = YES_ERROR;
				CLANG_WARN_DOCUMENTATION_COMMENTS = YES;
				CLANG_WARN_EMPTY_BODY = YES;
				CLANG_WARN_ENUM_CONVERSION = YES;
				CLANG_WARN_INFINITE_RECURSION = YES;
				CLANG_WARN_INT_CONVERSION = YES;
				CLANG_WARN_OBJC_ROOT_CLASS = YES_ERROR;
				CLANG_WARN_SUSPICIOUS_MOVE = YES;
				CLANG_WARN_UNREACHABLE_CODE = YES;
				CLANG_WARN__DUPLICATE_METHOD_MATCH = YES;
				"CODE_SIGN_IDENTITY[sdk=iphoneos*]" = "iPhone Developer";
				COPY_PHASE_STRIP = NO;
				DEBUG_INFORMATION_FORMAT = dwarf;
				ENABLE_STRICT_OBJC_MSGSEND = YES;
				ENABLE_TESTABILITY = YES;
				GCC_C_LANGUAGE_STANDARD = gnu99;
				GCC_DYNAMIC_NO_PIC = NO;
				GCC_NO_COMMON_BLOCKS = YES;
				GCC_OPTIMIZATION_LEVEL = 0;
				GCC_PREPROCESSOR_DEFINITIONS = (
					"DEBUG=1",
					"$(inherited)",
				);
				GCC_WARN_64_TO_32_BIT_CONVERSION = YES;
				GCC_WARN_ABOUT_RETURN_TYPE = YES_ERROR;
				GCC_WARN_UNDECLARED_SELECTOR = YES;
				GCC_WARN_UNINITIALIZED_AUTOS = YES_AGGRESSIVE;
				GCC_WARN_UNUSED_FUNCTION = YES;
				GCC_WARN_UNUSED_VARIABLE = YES;
				IPHONEOS_DEPLOYMENT_TARGET = 10.2;
				MTL_ENABLE_DEBUG_INFO = YES;
				ONLY_ACTIVE_ARCH = YES;
				SDKROOT = iphoneos;
				SWIFT_ACTIVE_COMPILATION_CONDITIONS = DEBUG;
				SWIFT_OPTIMIZATION_LEVEL = "-Onone";
			};
			name = Debug;
		};
		DC5CFE541E55297B00205DF4 /* Release */ = {
			isa = XCBuildConfiguration;
			buildSettings = {
				ALWAYS_SEARCH_USER_PATHS = NO;
				CLANG_ANALYZER_NONNULL = YES;
				CLANG_CXX_LANGUAGE_STANDARD = "gnu++0x";
				CLANG_CXX_LIBRARY = "libc++";
				CLANG_ENABLE_MODULES = YES;
				CLANG_ENABLE_OBJC_ARC = YES;
				CLANG_WARN_BOOL_CONVERSION = YES;
				CLANG_WARN_CONSTANT_CONVERSION = YES;
				CLANG_WARN_DIRECT_OBJC_ISA_USAGE = YES_ERROR;
				CLANG_WARN_DOCUMENTATION_COMMENTS = YES;
				CLANG_WARN_EMPTY_BODY = YES;
				CLANG_WARN_ENUM_CONVERSION = YES;
				CLANG_WARN_INFINITE_RECURSION = YES;
				CLANG_WARN_INT_CONVERSION = YES;
				CLANG_WARN_OBJC_ROOT_CLASS = YES_ERROR;
				CLANG_WARN_SUSPICIOUS_MOVE = YES;
				CLANG_WARN_UNREACHABLE_CODE = YES;
				CLANG_WARN__DUPLICATE_METHOD_MATCH = YES;
				"CODE_SIGN_IDENTITY[sdk=iphoneos*]" = "iPhone Developer";
				COPY_PHASE_STRIP = NO;
				DEBUG_INFORMATION_FORMAT = "dwarf-with-dsym";
				ENABLE_NS_ASSERTIONS = NO;
				ENABLE_STRICT_OBJC_MSGSEND = YES;
				GCC_C_LANGUAGE_STANDARD = gnu99;
				GCC_NO_COMMON_BLOCKS = YES;
				GCC_WARN_64_TO_32_BIT_CONVERSION = YES;
				GCC_WARN_ABOUT_RETURN_TYPE = YES_ERROR;
				GCC_WARN_UNDECLARED_SELECTOR = YES;
				GCC_WARN_UNINITIALIZED_AUTOS = YES_AGGRESSIVE;
				GCC_WARN_UNUSED_FUNCTION = YES;
				GCC_WARN_UNUSED_VARIABLE = YES;
				IPHONEOS_DEPLOYMENT_TARGET = 10.2;
				MTL_ENABLE_DEBUG_INFO = NO;
				SDKROOT = iphoneos;
				SWIFT_OPTIMIZATION_LEVEL = "-Owholemodule";
				VALIDATE_PRODUCT = YES;
			};
			name = Release;
		};
		DC5CFE561E55297B00205DF4 /* Debug */ = {
			isa = XCBuildConfiguration;
			baseConfigurationReference = AD7CBB29FBB31F91CD9BC77A /* Pods-DrinkingBruh.debug.xcconfig */;
			buildSettings = {
				ASSETCATALOG_COMPILER_APPICON_NAME = AppIcon;
				DEVELOPMENT_TEAM = 7GGJ3YUFK7;
				INFOPLIST_FILE = DrinkingBruh/Info.plist;
				LD_RUNPATH_SEARCH_PATHS = "$(inherited) @executable_path/Frameworks";
				PRODUCT_BUNDLE_IDENTIFIER = com.cs378.DrinkingBruh;
				PRODUCT_NAME = "$(TARGET_NAME)";
				SWIFT_VERSION = 3.0;
			};
			name = Debug;
		};
		DC5CFE571E55297B00205DF4 /* Release */ = {
			isa = XCBuildConfiguration;
			baseConfigurationReference = 2F8B250EC5EA89D84F188A92 /* Pods-DrinkingBruh.release.xcconfig */;
			buildSettings = {
				ASSETCATALOG_COMPILER_APPICON_NAME = AppIcon;
				DEVELOPMENT_TEAM = 7GGJ3YUFK7;
				INFOPLIST_FILE = DrinkingBruh/Info.plist;
				LD_RUNPATH_SEARCH_PATHS = "$(inherited) @executable_path/Frameworks";
				PRODUCT_BUNDLE_IDENTIFIER = com.cs378.DrinkingBruh;
				PRODUCT_NAME = "$(TARGET_NAME)";
				SWIFT_VERSION = 3.0;
			};
			name = Release;
		};
		DC5CFE591E55297B00205DF4 /* Debug */ = {
			isa = XCBuildConfiguration;
			baseConfigurationReference = 380EB5435B58586BD3D29EB3 /* Pods-DrinkingBruhTests.debug.xcconfig */;
			buildSettings = {
				ALWAYS_EMBED_SWIFT_STANDARD_LIBRARIES = YES;
				BUNDLE_LOADER = "$(TEST_HOST)";
				DEVELOPMENT_TEAM = 7GGJ3YUFK7;
				INFOPLIST_FILE = DrinkingBruhTests/Info.plist;
				LD_RUNPATH_SEARCH_PATHS = "$(inherited) @executable_path/Frameworks @loader_path/Frameworks";
				PRODUCT_BUNDLE_IDENTIFIER = com.cs378.DrinkingBruhTests;
				PRODUCT_NAME = "$(TARGET_NAME)";
				SWIFT_VERSION = 3.0;
				TEST_HOST = "$(BUILT_PRODUCTS_DIR)/DrinkingBruh.app/DrinkingBruh";
			};
			name = Debug;
		};
		DC5CFE5A1E55297B00205DF4 /* Release */ = {
			isa = XCBuildConfiguration;
			baseConfigurationReference = 33D0049DC12BF93CCEABFE31 /* Pods-DrinkingBruhTests.release.xcconfig */;
			buildSettings = {
				ALWAYS_EMBED_SWIFT_STANDARD_LIBRARIES = YES;
				BUNDLE_LOADER = "$(TEST_HOST)";
				DEVELOPMENT_TEAM = 7GGJ3YUFK7;
				INFOPLIST_FILE = DrinkingBruhTests/Info.plist;
				LD_RUNPATH_SEARCH_PATHS = "$(inherited) @executable_path/Frameworks @loader_path/Frameworks";
				PRODUCT_BUNDLE_IDENTIFIER = com.cs378.DrinkingBruhTests;
				PRODUCT_NAME = "$(TARGET_NAME)";
				SWIFT_VERSION = 3.0;
				TEST_HOST = "$(BUILT_PRODUCTS_DIR)/DrinkingBruh.app/DrinkingBruh";
			};
			name = Release;
		};
		DC5CFE5C1E55297B00205DF4 /* Debug */ = {
			isa = XCBuildConfiguration;
			baseConfigurationReference = BFEBFEED2172A7A25ACC8ECC /* Pods-DrinkingBruhUITests.debug.xcconfig */;
			buildSettings = {
				ALWAYS_EMBED_SWIFT_STANDARD_LIBRARIES = YES;
				DEVELOPMENT_TEAM = 7GGJ3YUFK7;
				INFOPLIST_FILE = DrinkingBruhUITests/Info.plist;
				LD_RUNPATH_SEARCH_PATHS = "$(inherited) @executable_path/Frameworks @loader_path/Frameworks";
				PRODUCT_BUNDLE_IDENTIFIER = com.cs378.DrinkingBruhUITests;
				PRODUCT_NAME = "$(TARGET_NAME)";
				SWIFT_VERSION = 3.0;
				TEST_TARGET_NAME = DrinkingBruh;
			};
			name = Debug;
		};
		DC5CFE5D1E55297B00205DF4 /* Release */ = {
			isa = XCBuildConfiguration;
			baseConfigurationReference = BE1A713617BE92617919251B /* Pods-DrinkingBruhUITests.release.xcconfig */;
			buildSettings = {
				ALWAYS_EMBED_SWIFT_STANDARD_LIBRARIES = YES;
				DEVELOPMENT_TEAM = 7GGJ3YUFK7;
				INFOPLIST_FILE = DrinkingBruhUITests/Info.plist;
				LD_RUNPATH_SEARCH_PATHS = "$(inherited) @executable_path/Frameworks @loader_path/Frameworks";
				PRODUCT_BUNDLE_IDENTIFIER = com.cs378.DrinkingBruhUITests;
				PRODUCT_NAME = "$(TARGET_NAME)";
				SWIFT_VERSION = 3.0;
				TEST_TARGET_NAME = DrinkingBruh;
			};
			name = Release;
		};
/* End XCBuildConfiguration section */

/* Begin XCConfigurationList section */
		DC5CFE281E55297B00205DF4 /* Build configuration list for PBXProject "DrinkingBruh" */ = {
			isa = XCConfigurationList;
			buildConfigurations = (
				DC5CFE531E55297B00205DF4 /* Debug */,
				DC5CFE541E55297B00205DF4 /* Release */,
			);
			defaultConfigurationIsVisible = 0;
			defaultConfigurationName = Release;
		};
		DC5CFE551E55297B00205DF4 /* Build configuration list for PBXNativeTarget "DrinkingBruh" */ = {
			isa = XCConfigurationList;
			buildConfigurations = (
				DC5CFE561E55297B00205DF4 /* Debug */,
				DC5CFE571E55297B00205DF4 /* Release */,
			);
			defaultConfigurationIsVisible = 0;
			defaultConfigurationName = Release;
		};
		DC5CFE581E55297B00205DF4 /* Build configuration list for PBXNativeTarget "DrinkingBruhTests" */ = {
			isa = XCConfigurationList;
			buildConfigurations = (
				DC5CFE591E55297B00205DF4 /* Debug */,
				DC5CFE5A1E55297B00205DF4 /* Release */,
			);
			defaultConfigurationIsVisible = 0;
			defaultConfigurationName = Release;
		};
		DC5CFE5B1E55297B00205DF4 /* Build configuration list for PBXNativeTarget "DrinkingBruhUITests" */ = {
			isa = XCConfigurationList;
			buildConfigurations = (
				DC5CFE5C1E55297B00205DF4 /* Debug */,
				DC5CFE5D1E55297B00205DF4 /* Release */,
			);
			defaultConfigurationIsVisible = 0;
			defaultConfigurationName = Release;
		};
/* End XCConfigurationList section */
	};
	rootObject = DC5CFE251E55297B00205DF4 /* Project object */;
}
