// !$*UTF8*$!
{
	archiveVersion = 1;
	classes = {
	};
	objectVersion = 46;
	objects = {

/* Begin PBXBuildFile section */
		27D30AA9CD52C80F1C65B44C /* Pods_DrinkingBruh.framework in Frameworks */ = {isa = PBXBuildFile; fileRef = BED49157291196A0FD3B2116 /* Pods_DrinkingBruh.framework */; };
		451CB1C1E59052720E5A3C3A /* Pods_DrinkingBruhTests.framework in Frameworks */ = {isa = PBXBuildFile; fileRef = CFDFF2A6E69D0596FF203E98 /* Pods_DrinkingBruhTests.framework */; };
		85551DC31EA5CC5100CA3898 /* BacViewController.swift in Sources */ = {isa = PBXBuildFile; fileRef = 85551DC01EA5CC5100CA3898 /* BacViewController.swift */; };
		85551DC41EA5CC5100CA3898 /* DrinkLoggerViewController.swift in Sources */ = {isa = PBXBuildFile; fileRef = 85551DC11EA5CC5100CA3898 /* DrinkLoggerViewController.swift */; };
		85551DC51EA5CC5100CA3898 /* DrinkTracker.storyboard in Resources */ = {isa = PBXBuildFile; fileRef = 85551DC21EA5CC5100CA3898 /* DrinkTracker.storyboard */; };
		855B5E8C1E8600FD00E1B83D /* Config.swift in Sources */ = {isa = PBXBuildFile; fileRef = 855B5E881E8600FD00E1B83D /* Config.swift */; };
		855B5E8D1E8600FD00E1B83D /* Settings.storyboard in Resources */ = {isa = PBXBuildFile; fileRef = 855B5E891E8600FD00E1B83D /* Settings.storyboard */; };
		855B5E8E1E8600FD00E1B83D /* SettingsTableViewController.swift in Sources */ = {isa = PBXBuildFile; fileRef = 855B5E8A1E8600FD00E1B83D /* SettingsTableViewController.swift */; };
		855B5E8F1E8600FD00E1B83D /* Theme.swift in Sources */ = {isa = PBXBuildFile; fileRef = 855B5E8B1E8600FD00E1B83D /* Theme.swift */; };
		855B5E941E86200100E1B83D /* SideMenuTableViewController.swift in Sources */ = {isa = PBXBuildFile; fileRef = 855B5E931E86200100E1B83D /* SideMenuTableViewController.swift */; };
		CD8C4B42B871C5E5E0D00B60 /* Pods_DrinkingBruhUITests.framework in Frameworks */ = {isa = PBXBuildFile; fileRef = C37EADEB42FD034DA5D47FE1 /* Pods_DrinkingBruhUITests.framework */; };
		DC0142841EAED68400AFB758 /* TimelineViewController.swift in Sources */ = {isa = PBXBuildFile; fileRef = DC0142831EAED68400AFB758 /* TimelineViewController.swift */; };
		DC04845B1E96C23B00EE7623 /* Extensions.swift in Sources */ = {isa = PBXBuildFile; fileRef = DC04845A1E96C23B00EE7623 /* Extensions.swift */; };
		DC04845D1E96D70B00EE7623 /* InviteFriendsTableViewController.swift in Sources */ = {isa = PBXBuildFile; fileRef = DC04845C1E96D70B00EE7623 /* InviteFriendsTableViewController.swift */; };
		DC04845F1E96D9E800EE7623 /* DBHandler.swift in Sources */ = {isa = PBXBuildFile; fileRef = DC04845E1E96D9E800EE7623 /* DBHandler.swift */; };
		DC0484631E96FA0000EE7623 /* InviteFriendsTableViewCell.swift in Sources */ = {isa = PBXBuildFile; fileRef = DC0484621E96FA0000EE7623 /* InviteFriendsTableViewCell.swift */; };
		DC0484651E970D8D00EE7623 /* Main.storyboard in Resources */ = {isa = PBXBuildFile; fileRef = DC0484641E970D8D00EE7623 /* Main.storyboard */; };
		DC243AB91EA4756F000E7806 /* GuestsTableViewController.swift in Sources */ = {isa = PBXBuildFile; fileRef = DC243AB81EA4756F000E7806 /* GuestsTableViewController.swift */; };
		DC243ABB1EA4A54E000E7806 /* GuestTableViewCell.swift in Sources */ = {isa = PBXBuildFile; fileRef = DC243ABA1EA4A54E000E7806 /* GuestTableViewCell.swift */; };
		DC243ABD1EA52DAB000E7806 /* DrinkQuotes.swift in Sources */ = {isa = PBXBuildFile; fileRef = DC243ABC1EA52DAB000E7806 /* DrinkQuotes.swift */; };
		DC243ABF1EA5535E000E7806 /* OccurringEventsTableViewController.swift in Sources */ = {isa = PBXBuildFile; fileRef = DC243ABE1EA5535E000E7806 /* OccurringEventsTableViewController.swift */; };
		DC3609851E8460E0006ECA50 /* AddFriendTableViewCell.swift in Sources */ = {isa = PBXBuildFile; fileRef = DC3609821E8460E0006ECA50 /* AddFriendTableViewCell.swift */; };
		DC3609861E8460E0006ECA50 /* AddFriendTableViewController.swift in Sources */ = {isa = PBXBuildFile; fileRef = DC3609831E8460E0006ECA50 /* AddFriendTableViewController.swift */; };
		DC36098C1E8461FE006ECA50 /* FriendsTableViewController.swift in Sources */ = {isa = PBXBuildFile; fileRef = DC36098B1E8461FE006ECA50 /* FriendsTableViewController.swift */; };
		DC45DABB1E68E5780038F653 /* SignInViewController.swift in Sources */ = {isa = PBXBuildFile; fileRef = DC45DABA1E68E5780038F653 /* SignInViewController.swift */; };
		DC45DABD1E68E6600038F653 /* RegistrationViewController.swift in Sources */ = {isa = PBXBuildFile; fileRef = DC45DABC1E68E6600038F653 /* RegistrationViewController.swift */; };
		DC5CFE311E55297B00205DF4 /* AppDelegate.swift in Sources */ = {isa = PBXBuildFile; fileRef = DC5CFE301E55297B00205DF4 /* AppDelegate.swift */; };
		DC5CFE381E55297B00205DF4 /* Assets.xcassets in Resources */ = {isa = PBXBuildFile; fileRef = DC5CFE371E55297B00205DF4 /* Assets.xcassets */; };
		DC5CFE461E55297B00205DF4 /* DrinkingBruhTests.swift in Sources */ = {isa = PBXBuildFile; fileRef = DC5CFE451E55297B00205DF4 /* DrinkingBruhTests.swift */; };
		DC5CFE511E55297B00205DF4 /* DrinkingBruhUITests.swift in Sources */ = {isa = PBXBuildFile; fileRef = DC5CFE501E55297B00205DF4 /* DrinkingBruhUITests.swift */; };
		DC61FF651E9C15EE000E8299 /* GetHomeViewController.swift in Sources */ = {isa = PBXBuildFile; fileRef = DC61FF641E9C15EE000E8299 /* GetHomeViewController.swift */; };
		DC61FF671E9C2173000E8299 /* GoogleService-Info.plist in Resources */ = {isa = PBXBuildFile; fileRef = DC61FF661E9C2173000E8299 /* GoogleService-Info.plist */; };
		DC8FB6F71E7C333E00EB3E63 /* HomeViewController.swift in Sources */ = {isa = PBXBuildFile; fileRef = DC8FB6F61E7C333E00EB3E63 /* HomeViewController.swift */; };
		DC971D2D1EA55692005423DF /* OccurringEventTableViewCell.swift in Sources */ = {isa = PBXBuildFile; fileRef = DC971D2C1EA55692005423DF /* OccurringEventTableViewCell.swift */; };
		DC9B04691E97470D00DD6FFF /* EventTableViewCell.swift in Sources */ = {isa = PBXBuildFile; fileRef = DC9B04681E97470D00DD6FFF /* EventTableViewCell.swift */; };
		DC9B046B1E97671700DD6FFF /* EventInfoViewController.swift in Sources */ = {isa = PBXBuildFile; fileRef = DC9B046A1E97671700DD6FFF /* EventInfoViewController.swift */; };
		DCA20E7F1E8DA49B00ACD277 /* EventsTableViewController.swift in Sources */ = {isa = PBXBuildFile; fileRef = DCA20E7E1E8DA49B00ACD277 /* EventsTableViewController.swift */; };
		DCA20E811E8DB91400ACD277 /* CreateEventViewController.swift in Sources */ = {isa = PBXBuildFile; fileRef = DCA20E801E8DB91400ACD277 /* CreateEventViewController.swift */; };
		DCA6CA3F1E84EE5E00424D3B /* FriendRequestsTableViewController.swift in Sources */ = {isa = PBXBuildFile; fileRef = DCA6CA3E1E84EE5E00424D3B /* FriendRequestsTableViewController.swift */; };
		DCA6CA411E84F6B400424D3B /* FriendRequestTableViewCell.swift in Sources */ = {isa = PBXBuildFile; fileRef = DCA6CA401E84F6B400424D3B /* FriendRequestTableViewCell.swift */; };
		DCAEF45A1E85A15C000C8298 /* FriendTableViewCell.swift in Sources */ = {isa = PBXBuildFile; fileRef = DCAEF4591E85A15C000C8298 /* FriendTableViewCell.swift */; };
		DCC48D4D1EA57FB30058083A /* LocateFriendsViewController.swift in Sources */ = {isa = PBXBuildFile; fileRef = DCC48D4A1EA57FB30058083A /* LocateFriendsViewController.swift */; };
		DCC48D4E1EA57FB30058083A /* Location.storyboard in Resources */ = {isa = PBXBuildFile; fileRef = DCC48D4B1EA57FB30058083A /* Location.storyboard */; };
		DCC48D4F1EA57FB30058083A /* LocationTracker.swift in Sources */ = {isa = PBXBuildFile; fileRef = DCC48D4C1EA57FB30058083A /* LocationTracker.swift */; };
		DCC48D571EA5CD780058083A /* PasswordResetViewController.swift in Sources */ = {isa = PBXBuildFile; fileRef = DCC48D561EA5CD780058083A /* PasswordResetViewController.swift */; };
		DCC92B371EA1380D001B5DAF /* NotificationManager.swift in Sources */ = {isa = PBXBuildFile; fileRef = DCC92B361EA1380D001B5DAF /* NotificationManager.swift */; };
/* End PBXBuildFile section */

/* Begin PBXContainerItemProxy section */
		DC5CFE421E55297B00205DF4 /* PBXContainerItemProxy */ = {
			isa = PBXContainerItemProxy;
			containerPortal = DC5CFE251E55297B00205DF4 /* Project object */;
			proxyType = 1;
			remoteGlobalIDString = DC5CFE2C1E55297B00205DF4;
			remoteInfo = DrinkingBruh;
		};
		DC5CFE4D1E55297B00205DF4 /* PBXContainerItemProxy */ = {
			isa = PBXContainerItemProxy;
			containerPortal = DC5CFE251E55297B00205DF4 /* Project object */;
			proxyType = 1;
			remoteGlobalIDString = DC5CFE2C1E55297B00205DF4;
			remoteInfo = DrinkingBruh;
		};
/* End PBXContainerItemProxy section */

/* Begin PBXFileReference section */
		2F8B250EC5EA89D84F188A92 /* Pods-DrinkingBruh.release.xcconfig */ = {isa = PBXFileReference; includeInIndex = 1; lastKnownFileType = text.xcconfig; name = "Pods-DrinkingBruh.release.xcconfig"; path = "Pods/Target Support Files/Pods-DrinkingBruh/Pods-DrinkingBruh.release.xcconfig"; sourceTree = "<group>"; };
		33D0049DC12BF93CCEABFE31 /* Pods-DrinkingBruhTests.release.xcconfig */ = {isa = PBXFileReference; includeInIndex = 1; lastKnownFileType = text.xcconfig; name = "Pods-DrinkingBruhTests.release.xcconfig"; path = "Pods/Target Support Files/Pods-DrinkingBruhTests/Pods-DrinkingBruhTests.release.xcconfig"; sourceTree = "<group>"; };
		380EB5435B58586BD3D29EB3 /* Pods-DrinkingBruhTests.debug.xcconfig */ = {isa = PBXFileReference; includeInIndex = 1; lastKnownFileType = text.xcconfig; name = "Pods-DrinkingBruhTests.debug.xcconfig"; path = "Pods/Target Support Files/Pods-DrinkingBruhTests/Pods-DrinkingBruhTests.debug.xcconfig"; sourceTree = "<group>"; };
		85551DC01EA5CC5100CA3898 /* BacViewController.swift */ = {isa = PBXFileReference; fileEncoding = 4; lastKnownFileType = sourcecode.swift; path = BacViewController.swift; sourceTree = "<group>"; };
		85551DC11EA5CC5100CA3898 /* DrinkLoggerViewController.swift */ = {isa = PBXFileReference; fileEncoding = 4; lastKnownFileType = sourcecode.swift; path = DrinkLoggerViewController.swift; sourceTree = "<group>"; };
		85551DC21EA5CC5100CA3898 /* DrinkTracker.storyboard */ = {isa = PBXFileReference; fileEncoding = 4; lastKnownFileType = file.storyboard; path = DrinkTracker.storyboard; sourceTree = "<group>"; };
		855B5E881E8600FD00E1B83D /* Config.swift */ = {isa = PBXFileReference; fileEncoding = 4; lastKnownFileType = sourcecode.swift; path = Config.swift; sourceTree = "<group>"; };
		855B5E891E8600FD00E1B83D /* Settings.storyboard */ = {isa = PBXFileReference; fileEncoding = 4; lastKnownFileType = file.storyboard; path = Settings.storyboard; sourceTree = "<group>"; };
		855B5E8A1E8600FD00E1B83D /* SettingsTableViewController.swift */ = {isa = PBXFileReference; fileEncoding = 4; lastKnownFileType = sourcecode.swift; path = SettingsTableViewController.swift; sourceTree = "<group>"; };
		855B5E8B1E8600FD00E1B83D /* Theme.swift */ = {isa = PBXFileReference; fileEncoding = 4; lastKnownFileType = sourcecode.swift; path = Theme.swift; sourceTree = "<group>"; };
		855B5E931E86200100E1B83D /* SideMenuTableViewController.swift */ = {isa = PBXFileReference; fileEncoding = 4; lastKnownFileType = sourcecode.swift; path = SideMenuTableViewController.swift; sourceTree = "<group>"; };
		AD7CBB29FBB31F91CD9BC77A /* Pods-DrinkingBruh.debug.xcconfig */ = {isa = PBXFileReference; includeInIndex = 1; lastKnownFileType = text.xcconfig; name = "Pods-DrinkingBruh.debug.xcconfig"; path = "Pods/Target Support Files/Pods-DrinkingBruh/Pods-DrinkingBruh.debug.xcconfig"; sourceTree = "<group>"; };
		BE1A713617BE92617919251B /* Pods-DrinkingBruhUITests.release.xcconfig */ = {isa = PBXFileReference; includeInIndex = 1; lastKnownFileType = text.xcconfig; name = "Pods-DrinkingBruhUITests.release.xcconfig"; path = "Pods/Target Support Files/Pods-DrinkingBruhUITests/Pods-DrinkingBruhUITests.release.xcconfig"; sourceTree = "<group>"; };
		BED49157291196A0FD3B2116 /* Pods_DrinkingBruh.framework */ = {isa = PBXFileReference; explicitFileType = wrapper.framework; includeInIndex = 0; path = Pods_DrinkingBruh.framework; sourceTree = BUILT_PRODUCTS_DIR; };
		BFEBFEED2172A7A25ACC8ECC /* Pods-DrinkingBruhUITests.debug.xcconfig */ = {isa = PBXFileReference; includeInIndex = 1; lastKnownFileType = text.xcconfig; name = "Pods-DrinkingBruhUITests.debug.xcconfig"; path = "Pods/Target Support Files/Pods-DrinkingBruhUITests/Pods-DrinkingBruhUITests.debug.xcconfig"; sourceTree = "<group>"; };
		C37EADEB42FD034DA5D47FE1 /* Pods_DrinkingBruhUITests.framework */ = {isa = PBXFileReference; explicitFileType = wrapper.framework; includeInIndex = 0; path = Pods_DrinkingBruhUITests.framework; sourceTree = BUILT_PRODUCTS_DIR; };
		CFDFF2A6E69D0596FF203E98 /* Pods_DrinkingBruhTests.framework */ = {isa = PBXFileReference; explicitFileType = wrapper.framework; includeInIndex = 0; path = Pods_DrinkingBruhTests.framework; sourceTree = BUILT_PRODUCTS_DIR; };
		DC0142831EAED68400AFB758 /* TimelineViewController.swift */ = {isa = PBXFileReference; fileEncoding = 4; lastKnownFileType = sourcecode.swift; path = TimelineViewController.swift; sourceTree = "<group>"; };
		DC04845A1E96C23B00EE7623 /* Extensions.swift */ = {isa = PBXFileReference; fileEncoding = 4; lastKnownFileType = sourcecode.swift; path = Extensions.swift; sourceTree = "<group>"; };
		DC04845C1E96D70B00EE7623 /* InviteFriendsTableViewController.swift */ = {isa = PBXFileReference; fileEncoding = 4; lastKnownFileType = sourcecode.swift; path = InviteFriendsTableViewController.swift; sourceTree = "<group>"; };
		DC04845E1E96D9E800EE7623 /* DBHandler.swift */ = {isa = PBXFileReference; fileEncoding = 4; lastKnownFileType = sourcecode.swift; path = DBHandler.swift; sourceTree = "<group>"; };
		DC0484621E96FA0000EE7623 /* InviteFriendsTableViewCell.swift */ = {isa = PBXFileReference; fileEncoding = 4; lastKnownFileType = sourcecode.swift; path = InviteFriendsTableViewCell.swift; sourceTree = "<group>"; };
		DC0484641E970D8D00EE7623 /* Main.storyboard */ = {isa = PBXFileReference; fileEncoding = 4; lastKnownFileType = file.storyboard; path = Main.storyboard; sourceTree = "<group>"; };
		DC243AB81EA4756F000E7806 /* GuestsTableViewController.swift */ = {isa = PBXFileReference; fileEncoding = 4; lastKnownFileType = sourcecode.swift; path = GuestsTableViewController.swift; sourceTree = "<group>"; };
		DC243ABA1EA4A54E000E7806 /* GuestTableViewCell.swift */ = {isa = PBXFileReference; fileEncoding = 4; lastKnownFileType = sourcecode.swift; path = GuestTableViewCell.swift; sourceTree = "<group>"; };
		DC243ABC1EA52DAB000E7806 /* DrinkQuotes.swift */ = {isa = PBXFileReference; fileEncoding = 4; lastKnownFileType = sourcecode.swift; path = DrinkQuotes.swift; sourceTree = "<group>"; };
		DC243ABE1EA5535E000E7806 /* OccurringEventsTableViewController.swift */ = {isa = PBXFileReference; fileEncoding = 4; lastKnownFileType = sourcecode.swift; path = OccurringEventsTableViewController.swift; sourceTree = "<group>"; };
		DC3609821E8460E0006ECA50 /* AddFriendTableViewCell.swift */ = {isa = PBXFileReference; fileEncoding = 4; lastKnownFileType = sourcecode.swift; path = AddFriendTableViewCell.swift; sourceTree = "<group>"; };
		DC3609831E8460E0006ECA50 /* AddFriendTableViewController.swift */ = {isa = PBXFileReference; fileEncoding = 4; lastKnownFileType = sourcecode.swift; path = AddFriendTableViewController.swift; sourceTree = "<group>"; };
		DC36098B1E8461FE006ECA50 /* FriendsTableViewController.swift */ = {isa = PBXFileReference; fileEncoding = 4; lastKnownFileType = sourcecode.swift; path = FriendsTableViewController.swift; sourceTree = "<group>"; };
		DC45DABA1E68E5780038F653 /* SignInViewController.swift */ = {isa = PBXFileReference; fileEncoding = 4; lastKnownFileType = sourcecode.swift; path = SignInViewController.swift; sourceTree = "<group>"; };
		DC45DABC1E68E6600038F653 /* RegistrationViewController.swift */ = {isa = PBXFileReference; fileEncoding = 4; lastKnownFileType = sourcecode.swift; path = RegistrationViewController.swift; sourceTree = "<group>"; };
		DC5CFE2D1E55297B00205DF4 /* DrinkingBruh.app */ = {isa = PBXFileReference; explicitFileType = wrapper.application; includeInIndex = 0; path = DrinkingBruh.app; sourceTree = BUILT_PRODUCTS_DIR; };
		DC5CFE301E55297B00205DF4 /* AppDelegate.swift */ = {isa = PBXFileReference; lastKnownFileType = sourcecode.swift; path = AppDelegate.swift; sourceTree = "<group>"; };
		DC5CFE371E55297B00205DF4 /* Assets.xcassets */ = {isa = PBXFileReference; lastKnownFileType = folder.assetcatalog; path = Assets.xcassets; sourceTree = "<group>"; };
		DC5CFE3C1E55297B00205DF4 /* Info.plist */ = {isa = PBXFileReference; lastKnownFileType = text.plist.xml; path = Info.plist; sourceTree = "<group>"; };
		DC5CFE411E55297B00205DF4 /* DrinkingBruhTests.xctest */ = {isa = PBXFileReference; explicitFileType = wrapper.cfbundle; includeInIndex = 0; path = DrinkingBruhTests.xctest; sourceTree = BUILT_PRODUCTS_DIR; };
		DC5CFE451E55297B00205DF4 /* DrinkingBruhTests.swift */ = {isa = PBXFileReference; lastKnownFileType = sourcecode.swift; path = DrinkingBruhTests.swift; sourceTree = "<group>"; };
		DC5CFE471E55297B00205DF4 /* Info.plist */ = {isa = PBXFileReference; lastKnownFileType = text.plist.xml; path = Info.plist; sourceTree = "<group>"; };
		DC5CFE4C1E55297B00205DF4 /* DrinkingBruhUITests.xctest */ = {isa = PBXFileReference; explicitFileType = wrapper.cfbundle; includeInIndex = 0; path = DrinkingBruhUITests.xctest; sourceTree = BUILT_PRODUCTS_DIR; };
		DC5CFE501E55297B00205DF4 /* DrinkingBruhUITests.swift */ = {isa = PBXFileReference; lastKnownFileType = sourcecode.swift; path = DrinkingBruhUITests.swift; sourceTree = "<group>"; };
		DC5CFE521E55297B00205DF4 /* Info.plist */ = {isa = PBXFileReference; lastKnownFileType = text.plist.xml; path = Info.plist; sourceTree = "<group>"; };
		DC61FF641E9C15EE000E8299 /* GetHomeViewController.swift */ = {isa = PBXFileReference; fileEncoding = 4; lastKnownFileType = sourcecode.swift; path = GetHomeViewController.swift; sourceTree = "<group>"; };
		DC61FF661E9C2173000E8299 /* GoogleService-Info.plist */ = {isa = PBXFileReference; fileEncoding = 4; lastKnownFileType = text.plist.xml; path = "GoogleService-Info.plist"; sourceTree = "<group>"; };
		DC8FB6F61E7C333E00EB3E63 /* HomeViewController.swift */ = {isa = PBXFileReference; fileEncoding = 4; lastKnownFileType = sourcecode.swift; path = HomeViewController.swift; sourceTree = "<group>"; };
		DC971D2C1EA55692005423DF /* OccurringEventTableViewCell.swift */ = {isa = PBXFileReference; fileEncoding = 4; lastKnownFileType = sourcecode.swift; path = OccurringEventTableViewCell.swift; sourceTree = "<group>"; };
		DC9B04681E97470D00DD6FFF /* EventTableViewCell.swift */ = {isa = PBXFileReference; fileEncoding = 4; lastKnownFileType = sourcecode.swift; path = EventTableViewCell.swift; sourceTree = "<group>"; };
		DC9B046A1E97671700DD6FFF /* EventInfoViewController.swift */ = {isa = PBXFileReference; fileEncoding = 4; lastKnownFileType = sourcecode.swift; path = EventInfoViewController.swift; sourceTree = "<group>"; };
		DCA20E7E1E8DA49B00ACD277 /* EventsTableViewController.swift */ = {isa = PBXFileReference; fileEncoding = 4; lastKnownFileType = sourcecode.swift; path = EventsTableViewController.swift; sourceTree = "<group>"; };
		DCA20E801E8DB91400ACD277 /* CreateEventViewController.swift */ = {isa = PBXFileReference; fileEncoding = 4; lastKnownFileType = sourcecode.swift; path = CreateEventViewController.swift; sourceTree = "<group>"; };
		DCA6CA3E1E84EE5E00424D3B /* FriendRequestsTableViewController.swift */ = {isa = PBXFileReference; fileEncoding = 4; lastKnownFileType = sourcecode.swift; path = FriendRequestsTableViewController.swift; sourceTree = "<group>"; };
		DCA6CA401E84F6B400424D3B /* FriendRequestTableViewCell.swift */ = {isa = PBXFileReference; fileEncoding = 4; lastKnownFileType = sourcecode.swift; path = FriendRequestTableViewCell.swift; sourceTree = "<group>"; };
		DCAEF4591E85A15C000C8298 /* FriendTableViewCell.swift */ = {isa = PBXFileReference; fileEncoding = 4; lastKnownFileType = sourcecode.swift; path = FriendTableViewCell.swift; sourceTree = "<group>"; };
		DCC48D4A1EA57FB30058083A /* LocateFriendsViewController.swift */ = {isa = PBXFileReference; fileEncoding = 4; lastKnownFileType = sourcecode.swift; path = LocateFriendsViewController.swift; sourceTree = "<group>"; };
		DCC48D4B1EA57FB30058083A /* Location.storyboard */ = {isa = PBXFileReference; fileEncoding = 4; lastKnownFileType = file.storyboard; path = Location.storyboard; sourceTree = "<group>"; };
		DCC48D4C1EA57FB30058083A /* LocationTracker.swift */ = {isa = PBXFileReference; fileEncoding = 4; lastKnownFileType = sourcecode.swift; path = LocationTracker.swift; sourceTree = "<group>"; };
		DCC48D561EA5CD780058083A /* PasswordResetViewController.swift */ = {isa = PBXFileReference; fileEncoding = 4; lastKnownFileType = sourcecode.swift; path = PasswordResetViewController.swift; sourceTree = "<group>"; };
		DCC92B361EA1380D001B5DAF /* NotificationManager.swift */ = {isa = PBXFileReference; fileEncoding = 4; lastKnownFileType = sourcecode.swift; path = NotificationManager.swift; sourceTree = "<group>"; };
/* End PBXFileReference section */

/* Begin PBXFrameworksBuildPhase section */
		DC5CFE2A1E55297B00205DF4 /* Frameworks */ = {
			isa = PBXFrameworksBuildPhase;
			buildActionMask = 2147483647;
			files = (
				27D30AA9CD52C80F1C65B44C /* Pods_DrinkingBruh.framework in Frameworks */,
			);
			runOnlyForDeploymentPostprocessing = 0;
		};
		DC5CFE3E1E55297B00205DF4 /* Frameworks */ = {
			isa = PBXFrameworksBuildPhase;
			buildActionMask = 2147483647;
			files = (
				451CB1C1E59052720E5A3C3A /* Pods_DrinkingBruhTests.framework in Frameworks */,
			);
			runOnlyForDeploymentPostprocessing = 0;
		};
		DC5CFE491E55297B00205DF4 /* Frameworks */ = {
			isa = PBXFrameworksBuildPhase;
			buildActionMask = 2147483647;
			files = (
				CD8C4B42B871C5E5E0D00B60 /* Pods_DrinkingBruhUITests.framework in Frameworks */,
			);
			runOnlyForDeploymentPostprocessing = 0;
		};
/* End PBXFrameworksBuildPhase section */

/* Begin PBXGroup section */
		582024CA08A35CAE5EAFB55D /* Pods */ = {
			isa = PBXGroup;
			children = (
				AD7CBB29FBB31F91CD9BC77A /* Pods-DrinkingBruh.debug.xcconfig */,
				2F8B250EC5EA89D84F188A92 /* Pods-DrinkingBruh.release.xcconfig */,
				380EB5435B58586BD3D29EB3 /* Pods-DrinkingBruhTests.debug.xcconfig */,
				33D0049DC12BF93CCEABFE31 /* Pods-DrinkingBruhTests.release.xcconfig */,
				BFEBFEED2172A7A25ACC8ECC /* Pods-DrinkingBruhUITests.debug.xcconfig */,
				BE1A713617BE92617919251B /* Pods-DrinkingBruhUITests.release.xcconfig */,
			);
			name = Pods;
			sourceTree = "<group>";
		};
		59F707432F29AA2928E2EFA4 /* Frameworks */ = {
			isa = PBXGroup;
			children = (
				BED49157291196A0FD3B2116 /* Pods_DrinkingBruh.framework */,
				CFDFF2A6E69D0596FF203E98 /* Pods_DrinkingBruhTests.framework */,
				C37EADEB42FD034DA5D47FE1 /* Pods_DrinkingBruhUITests.framework */,
			);
			name = Frameworks;
			sourceTree = "<group>";
		};
		85551DBF1EA5C99500CA3898 /* DrinkTracker */ = {
			isa = PBXGroup;
			children = (
				85551DC01EA5CC5100CA3898 /* BacViewController.swift */,
				85551DC11EA5CC5100CA3898 /* DrinkLoggerViewController.swift */,
				85551DC21EA5CC5100CA3898 /* DrinkTracker.storyboard */,
			);
			name = DrinkTracker;
			sourceTree = "<group>";
		};
		85551DC61EA5CC6B00CA3898 /* Location */ = {
			isa = PBXGroup;
			children = (
				DCC48D4B1EA57FB30058083A /* Location.storyboard */,
				DCC48D4C1EA57FB30058083A /* LocationTracker.swift */,
				DCC48D4A1EA57FB30058083A /* LocateFriendsViewController.swift */,
			);
			name = Location;
			sourceTree = "<group>";
		};
		855B5E901E86010700E1B83D /* Settings */ = {
			isa = PBXGroup;
			children = (
				855B5E891E8600FD00E1B83D /* Settings.storyboard */,
				855B5E8A1E8600FD00E1B83D /* SettingsTableViewController.swift */,
			);
			name = Settings;
			sourceTree = "<group>";
		};
		DC0484591E96C1F700EE7623 /* Support */ = {
			isa = PBXGroup;
			children = (
				855B5E931E86200100E1B83D /* SideMenuTableViewController.swift */,
				DC04845A1E96C23B00EE7623 /* Extensions.swift */,
				DC04845E1E96D9E800EE7623 /* DBHandler.swift */,
				DCC92B361EA1380D001B5DAF /* NotificationManager.swift */,
				DC243ABC1EA52DAB000E7806 /* DrinkQuotes.swift */,
			);
			name = Support;
			sourceTree = "<group>";
		};
		DC243AC01EA55368000E7806 /* OccurringEvents */ = {
			isa = PBXGroup;
			children = (
				DC243ABE1EA5535E000E7806 /* OccurringEventsTableViewController.swift */,
				DC971D2C1EA55692005423DF /* OccurringEventTableViewCell.swift */,
				DC0142831EAED68400AFB758 /* TimelineViewController.swift */,
			);
			name = OccurringEvents;
			sourceTree = "<group>";
		};
		DC3609881E84610E006ECA50 /* Friends */ = {
			isa = PBXGroup;
			children = (
				DC3609831E8460E0006ECA50 /* AddFriendTableViewController.swift */,
				DC3609821E8460E0006ECA50 /* AddFriendTableViewCell.swift */,
				DC36098B1E8461FE006ECA50 /* FriendsTableViewController.swift */,
				DCAEF4591E85A15C000C8298 /* FriendTableViewCell.swift */,
				DCA6CA3E1E84EE5E00424D3B /* FriendRequestsTableViewController.swift */,
				DCA6CA401E84F6B400424D3B /* FriendRequestTableViewCell.swift */,
			);
			name = Friends;
			sourceTree = "<group>";
		};
		DC5CFE241E55297B00205DF4 = {
			isa = PBXGroup;
			children = (
				DC5CFE2F1E55297B00205DF4 /* DrinkingBruh */,
				DC5CFE441E55297B00205DF4 /* DrinkingBruhTests */,
				DC5CFE4F1E55297B00205DF4 /* DrinkingBruhUITests */,
				DC5CFE2E1E55297B00205DF4 /* Products */,
				582024CA08A35CAE5EAFB55D /* Pods */,
				59F707432F29AA2928E2EFA4 /* Frameworks */,
			);
			sourceTree = "<group>";
		};
		DC5CFE2E1E55297B00205DF4 /* Products */ = {
			isa = PBXGroup;
			children = (
				DC5CFE2D1E55297B00205DF4 /* DrinkingBruh.app */,
				DC5CFE411E55297B00205DF4 /* DrinkingBruhTests.xctest */,
				DC5CFE4C1E55297B00205DF4 /* DrinkingBruhUITests.xctest */,
			);
			name = Products;
			sourceTree = "<group>";
		};
		DC5CFE2F1E55297B00205DF4 /* DrinkingBruh */ = {
			isa = PBXGroup;
			children = (
				85551DBF1EA5C99500CA3898 /* DrinkTracker */,
				DCC48D561EA5CD780058083A /* PasswordResetViewController.swift */,
				DC243AC01EA55368000E7806 /* OccurringEvents */,
				DC0484591E96C1F700EE7623 /* Support */,
				DCA20E7D1E8DA47D00ACD277 /* Events */,
				855B5E901E86010700E1B83D /* Settings */,
				855B5E8B1E8600FD00E1B83D /* Theme.swift */,
				855B5E881E8600FD00E1B83D /* Config.swift */,
				85551DC61EA5CC6B00CA3898 /* Location */,
				DC3609881E84610E006ECA50 /* Friends */,
				DC0484641E970D8D00EE7623 /* Main.storyboard */,
				DC5CFE301E55297B00205DF4 /* AppDelegate.swift */,
				DC45DABA1E68E5780038F653 /* SignInViewController.swift */,
				DC61FF641E9C15EE000E8299 /* GetHomeViewController.swift */,
				DC45DABC1E68E6600038F653 /* RegistrationViewController.swift */,
				DC8FB6F61E7C333E00EB3E63 /* HomeViewController.swift */,
				DC5CFE371E55297B00205DF4 /* Assets.xcassets */,
				DC61FF661E9C2173000E8299 /* GoogleService-Info.plist */,
				DC5CFE3C1E55297B00205DF4 /* Info.plist */,
			);
			path = DrinkingBruh;
			sourceTree = "<group>";
		};
		DC5CFE441E55297B00205DF4 /* DrinkingBruhTests */ = {
			isa = PBXGroup;
			children = (
				DC5CFE451E55297B00205DF4 /* DrinkingBruhTests.swift */,
				DC5CFE471E55297B00205DF4 /* Info.plist */,
			);
			path = DrinkingBruhTests;
			sourceTree = "<group>";
		};
		DC5CFE4F1E55297B00205DF4 /* DrinkingBruhUITests */ = {
			isa = PBXGroup;
			children = (
				DC5CFE501E55297B00205DF4 /* DrinkingBruhUITests.swift */,
				DC5CFE521E55297B00205DF4 /* Info.plist */,
			);
			path = DrinkingBruhUITests;
			sourceTree = "<group>";
		};
		DCA20E7D1E8DA47D00ACD277 /* Events */ = {
			isa = PBXGroup;
			children = (
				DCA20E7E1E8DA49B00ACD277 /* EventsTableViewController.swift */,
				DC9B04681E97470D00DD6FFF /* EventTableViewCell.swift */,
				DC243AB81EA4756F000E7806 /* GuestsTableViewController.swift */,
				DC243ABA1EA4A54E000E7806 /* GuestTableViewCell.swift */,
				DC9B046A1E97671700DD6FFF /* EventInfoViewController.swift */,
				DCA20E801E8DB91400ACD277 /* CreateEventViewController.swift */,
				DC04845C1E96D70B00EE7623 /* InviteFriendsTableViewController.swift */,
				DC0484621E96FA0000EE7623 /* InviteFriendsTableViewCell.swift */,
			);
			name = Events;
			sourceTree = "<group>";
		};
/* End PBXGroup section */

/* Begin PBXNativeTarget section */
		DC5CFE2C1E55297B00205DF4 /* DrinkingBruh */ = {
			isa = PBXNativeTarget;
			buildConfigurationList = DC5CFE551E55297B00205DF4 /* Build configuration list for PBXNativeTarget "DrinkingBruh" */;
			buildPhases = (
				A1461E32782EA2FA7EC3C148 /* [CP] Check Pods Manifest.lock */,
				DC5CFE291E55297B00205DF4 /* Sources */,
				DC5CFE2A1E55297B00205DF4 /* Frameworks */,
				DC5CFE2B1E55297B00205DF4 /* Resources */,
				94DB51E067096DB78AA20600 /* [CP] Embed Pods Frameworks */,
				A900A3D6C370C9874EE62BF3 /* [CP] Copy Pods Resources */,
			);
			buildRules = (
			);
			dependencies = (
			);
			name = DrinkingBruh;
			productName = DrinkingBruh;
			productReference = DC5CFE2D1E55297B00205DF4 /* DrinkingBruh.app */;
			productType = "com.apple.product-type.application";
		};
		DC5CFE401E55297B00205DF4 /* DrinkingBruhTests */ = {
			isa = PBXNativeTarget;
			buildConfigurationList = DC5CFE581E55297B00205DF4 /* Build configuration list for PBXNativeTarget "DrinkingBruhTests" */;
			buildPhases = (
				AC5A303C9175F94ECB22285A /* [CP] Check Pods Manifest.lock */,
				DC5CFE3D1E55297B00205DF4 /* Sources */,
				DC5CFE3E1E55297B00205DF4 /* Frameworks */,
				DC5CFE3F1E55297B00205DF4 /* Resources */,
				63ECC5F0F0472CDDFB608325 /* [CP] Embed Pods Frameworks */,
				D69224779F60BF4B7ACD8465 /* [CP] Copy Pods Resources */,
			);
			buildRules = (
			);
			dependencies = (
				DC5CFE431E55297B00205DF4 /* PBXTargetDependency */,
			);
			name = DrinkingBruhTests;
			productName = DrinkingBruhTests;
			productReference = DC5CFE411E55297B00205DF4 /* DrinkingBruhTests.xctest */;
			productType = "com.apple.product-type.bundle.unit-test";
		};
		DC5CFE4B1E55297B00205DF4 /* DrinkingBruhUITests */ = {
			isa = PBXNativeTarget;
			buildConfigurationList = DC5CFE5B1E55297B00205DF4 /* Build configuration list for PBXNativeTarget "DrinkingBruhUITests" */;
			buildPhases = (
				02B16B193009E56C5A513019 /* [CP] Check Pods Manifest.lock */,
				DC5CFE481E55297B00205DF4 /* Sources */,
				DC5CFE491E55297B00205DF4 /* Frameworks */,
				DC5CFE4A1E55297B00205DF4 /* Resources */,
				2A043926C292C4B9F2CABD29 /* [CP] Embed Pods Frameworks */,
				4E3F8386CEEBEAC261896393 /* [CP] Copy Pods Resources */,
			);
			buildRules = (
			);
			dependencies = (
				DC5CFE4E1E55297B00205DF4 /* PBXTargetDependency */,
			);
			name = DrinkingBruhUITests;
			productName = DrinkingBruhUITests;
			productReference = DC5CFE4C1E55297B00205DF4 /* DrinkingBruhUITests.xctest */;
			productType = "com.apple.product-type.bundle.ui-testing";
		};
/* End PBXNativeTarget section */

/* Begin PBXProject section */
		DC5CFE251E55297B00205DF4 /* Project object */ = {
			isa = PBXProject;
			attributes = {
				LastSwiftUpdateCheck = 0820;
				LastUpgradeCheck = 0820;
				ORGANIZATIONNAME = "Cynthia  Ibarra";
				TargetAttributes = {
					DC5CFE2C1E55297B00205DF4 = {
						CreatedOnToolsVersion = 8.2;
						DevelopmentTeam = 7GGJ3YUFK7;
						ProvisioningStyle = Automatic;
					};
					DC5CFE401E55297B00205DF4 = {
						CreatedOnToolsVersion = 8.2;
						DevelopmentTeam = 7GGJ3YUFK7;
						ProvisioningStyle = Automatic;
						TestTargetID = DC5CFE2C1E55297B00205DF4;
					};
					DC5CFE4B1E55297B00205DF4 = {
						CreatedOnToolsVersion = 8.2;
						DevelopmentTeam = 7GGJ3YUFK7;
						ProvisioningStyle = Automatic;
						TestTargetID = DC5CFE2C1E55297B00205DF4;
					};
				};
			};
			buildConfigurationList = DC5CFE281E55297B00205DF4 /* Build configuration list for PBXProject "DrinkingBruh" */;
			compatibilityVersion = "Xcode 3.2";
			developmentRegion = English;
			hasScannedForEncodings = 0;
			knownRegions = (
				en,
				Base,
			);
			mainGroup = DC5CFE241E55297B00205DF4;
			productRefGroup = DC5CFE2E1E55297B00205DF4 /* Products */;
			projectDirPath = "";
			projectRoot = "";
			targets = (
				DC5CFE2C1E55297B00205DF4 /* DrinkingBruh */,
				DC5CFE401E55297B00205DF4 /* DrinkingBruhTests */,
				DC5CFE4B1E55297B00205DF4 /* DrinkingBruhUITests */,
			);
		};
/* End PBXProject section */

/* Begin PBXResourcesBuildPhase section */
		DC5CFE2B1E55297B00205DF4 /* Resources */ = {
			isa = PBXResourcesBuildPhase;
			buildActionMask = 2147483647;
			files = (
				85551DC51EA5CC5100CA3898 /* DrinkTracker.storyboard in Resources */,
				DCC48D4E1EA57FB30058083A /* Location.storyboard in Resources */,
				DC5CFE381E55297B00205DF4 /* Assets.xcassets in Resources */,
				DC61FF671E9C2173000E8299 /* GoogleService-Info.plist in Resources */,
				855B5E8D1E8600FD00E1B83D /* Settings.storyboard in Resources */,
				DC0484651E970D8D00EE7623 /* Main.storyboard in Resources */,
			);
			runOnlyForDeploymentPostprocessing = 0;
		};
		DC5CFE3F1E55297B00205DF4 /* Resources */ = {
			isa = PBXResourcesBuildPhase;
			buildActionMask = 2147483647;
			files = (
			);
			runOnlyForDeploymentPostprocessing = 0;
		};
		DC5CFE4A1E55297B00205DF4 /* Resources */ = {
			isa = PBXResourcesBuildPhase;
			buildActionMask = 2147483647;
			files = (
			);
			runOnlyForDeploymentPostprocessing = 0;
		};
/* End PBXResourcesBuildPhase section */

/* Begin PBXShellScriptBuildPhase section */
		02B16B193009E56C5A513019 /* [CP] Check Pods Manifest.lock */ = {
			isa = PBXShellScriptBuildPhase;
			buildActionMask = 2147483647;
			files = (
			);
			inputPaths = (
			);
			name = "[CP] Check Pods Manifest.lock";
			outputPaths = (
			);
			runOnlyForDeploymentPostprocessing = 0;
			shellPath = /bin/sh;
			shellScript = "diff \"${PODS_ROOT}/../Podfile.lock\" \"${PODS_ROOT}/Manifest.lock\" > /dev/null\nif [ $? != 0 ] ; then\n    # print error to STDERR\n    echo \"error: The sandbox is not in sync with the Podfile.lock. Run 'pod install' or update your CocoaPods installation.\" >&2\n    exit 1\nfi\n";
			showEnvVarsInLog = 0;
		};
		2A043926C292C4B9F2CABD29 /* [CP] Embed Pods Frameworks */ = {
			isa = PBXShellScriptBuildPhase;
			buildActionMask = 2147483647;
			files = (
			);
			inputPaths = (
			);
			name = "[CP] Embed Pods Frameworks";
			outputPaths = (
			);
			runOnlyForDeploymentPostprocessing = 0;
			shellPath = /bin/sh;
			shellScript = "\"${SRCROOT}/Pods/Target Support Files/Pods-DrinkingBruhUITests/Pods-DrinkingBruhUITests-frameworks.sh\"\n";
			showEnvVarsInLog = 0;
		};
		4E3F8386CEEBEAC261896393 /* [CP] Copy Pods Resources */ = {
			isa = PBXShellScriptBuildPhase;
			buildActionMask = 2147483647;
			files = (
			);
			inputPaths = (
			);
			name = "[CP] Copy Pods Resources";
			outputPaths = (
			);
			runOnlyForDeploymentPostprocessing = 0;
			shellPath = /bin/sh;
			shellScript = "\"${SRCROOT}/Pods/Target Support Files/Pods-DrinkingBruhUITests/Pods-DrinkingBruhUITests-resources.sh\"\n";
			showEnvVarsInLog = 0;
		};
		63ECC5F0F0472CDDFB608325 /* [CP] Embed Pods Frameworks */ = {
			isa = PBXShellScriptBuildPhase;
			buildActionMask = 2147483647;
			files = (
			);
			inputPaths = (
			);
			name = "[CP] Embed Pods Frameworks";
			outputPaths = (
			);
			runOnlyForDeploymentPostprocessing = 0;
			shellPath = /bin/sh;
			shellScript = "\"${SRCROOT}/Pods/Target Support Files/Pods-DrinkingBruhTests/Pods-DrinkingBruhTests-frameworks.sh\"\n";
			showEnvVarsInLog = 0;
		};
		94DB51E067096DB78AA20600 /* [CP] Embed Pods Frameworks */ = {
			isa = PBXShellScriptBuildPhase;
			buildActionMask = 2147483647;
			files = (
			);
			inputPaths = (
			);
			name = "[CP] Embed Pods Frameworks";
			outputPaths = (
			);
			runOnlyForDeploymentPostprocessing = 0;
			shellPath = /bin/sh;
			shellScript = "\"${SRCROOT}/Pods/Target Support Files/Pods-DrinkingBruh/Pods-DrinkingBruh-frameworks.sh\"\n";
			showEnvVarsInLog = 0;
		};
		A1461E32782EA2FA7EC3C148 /* [CP] Check Pods Manifest.lock */ = {
			isa = PBXShellScriptBuildPhase;
			buildActionMask = 2147483647;
			files = (
			);
			inputPaths = (
			);
			name = "[CP] Check Pods Manifest.lock";
			outputPaths = (
			);
			runOnlyForDeploymentPostprocessing = 0;
			shellPath = /bin/sh;
			shellScript = "diff \"${PODS_ROOT}/../Podfile.lock\" \"${PODS_ROOT}/Manifest.lock\" > /dev/null\nif [ $? != 0 ] ; then\n    # print error to STDERR\n    echo \"error: The sandbox is not in sync with the Podfile.lock. Run 'pod install' or update your CocoaPods installation.\" >&2\n    exit 1\nfi\n";
			showEnvVarsInLog = 0;
		};
		A900A3D6C370C9874EE62BF3 /* [CP] Copy Pods Resources */ = {
			isa = PBXShellScriptBuildPhase;
			buildActionMask = 2147483647;
			files = (
			);
			inputPaths = (
			);
			name = "[CP] Copy Pods Resources";
			outputPaths = (
			);
			runOnlyForDeploymentPostprocessing = 0;
			shellPath = /bin/sh;
			shellScript = "\"${SRCROOT}/Pods/Target Support Files/Pods-DrinkingBruh/Pods-DrinkingBruh-resources.sh\"\n";
			showEnvVarsInLog = 0;
		};
		AC5A303C9175F94ECB22285A /* [CP] Check Pods Manifest.lock */ = {
			isa = PBXShellScriptBuildPhase;
			buildActionMask = 2147483647;
			files = (
			);
			inputPaths = (
			);
			name = "[CP] Check Pods Manifest.lock";
			outputPaths = (
			);
			runOnlyForDeploymentPostprocessing = 0;
			shellPath = /bin/sh;
			shellScript = "diff \"${PODS_ROOT}/../Podfile.lock\" \"${PODS_ROOT}/Manifest.lock\" > /dev/null\nif [ $? != 0 ] ; then\n    # print error to STDERR\n    echo \"error: The sandbox is not in sync with the Podfile.lock. Run 'pod install' or update your CocoaPods installation.\" >&2\n    exit 1\nfi\n";
			showEnvVarsInLog = 0;
		};
		D69224779F60BF4B7ACD8465 /* [CP] Copy Pods Resources */ = {
			isa = PBXShellScriptBuildPhase;
			buildActionMask = 2147483647;
			files = (
			);
			inputPaths = (
			);
			name = "[CP] Copy Pods Resources";
			outputPaths = (
			);
			runOnlyForDeploymentPostprocessing = 0;
			shellPath = /bin/sh;
			shellScript = "\"${SRCROOT}/Pods/Target Support Files/Pods-DrinkingBruhTests/Pods-DrinkingBruhTests-resources.sh\"\n";
			showEnvVarsInLog = 0;
		};
/* End PBXShellScriptBuildPhase section */

/* Begin PBXSourcesBuildPhase section */
		DC5CFE291E55297B00205DF4 /* Sources */ = {
			isa = PBXSourcesBuildPhase;
			buildActionMask = 2147483647;
			files = (
				DC0484631E96FA0000EE7623 /* InviteFriendsTableViewCell.swift in Sources */,
				DC04845D1E96D70B00EE7623 /* InviteFriendsTableViewController.swift in Sources */,
				DC243ABD1EA52DAB000E7806 /* DrinkQuotes.swift in Sources */,
				DCA6CA411E84F6B400424D3B /* FriendRequestTableViewCell.swift in Sources */,
				DC0142841EAED68400AFB758 /* TimelineViewController.swift in Sources */,
				DC45DABD1E68E6600038F653 /* RegistrationViewController.swift in Sources */,
				DC3609851E8460E0006ECA50 /* AddFriendTableViewCell.swift in Sources */,
				DC45DABB1E68E5780038F653 /* SignInViewController.swift in Sources */,
				DC971D2D1EA55692005423DF /* OccurringEventTableViewCell.swift in Sources */,
				DCC92B371EA1380D001B5DAF /* NotificationManager.swift in Sources */,
				DCC48D4F1EA57FB30058083A /* LocationTracker.swift in Sources */,
				DC04845F1E96D9E800EE7623 /* DBHandler.swift in Sources */,
				DCC48D4D1EA57FB30058083A /* LocateFriendsViewController.swift in Sources */,
				855B5E8F1E8600FD00E1B83D /* Theme.swift in Sources */,
				855B5E8C1E8600FD00E1B83D /* Config.swift in Sources */,
				DC243ABF1EA5535E000E7806 /* OccurringEventsTableViewController.swift in Sources */,
				DC9B046B1E97671700DD6FFF /* EventInfoViewController.swift in Sources */,
				DC3609861E8460E0006ECA50 /* AddFriendTableViewController.swift in Sources */,
				DC5CFE311E55297B00205DF4 /* AppDelegate.swift in Sources */,
				DCA20E7F1E8DA49B00ACD277 /* EventsTableViewController.swift in Sources */,
				DC243AB91EA4756F000E7806 /* GuestsTableViewController.swift in Sources */,
				85551DC41EA5CC5100CA3898 /* DrinkLoggerViewController.swift in Sources */,
				DCA6CA3F1E84EE5E00424D3B /* FriendRequestsTableViewController.swift in Sources */,
				855B5E8E1E8600FD00E1B83D /* SettingsTableViewController.swift in Sources */,
				DCAEF45A1E85A15C000C8298 /* FriendTableViewCell.swift in Sources */,
				85551DC31EA5CC5100CA3898 /* BacViewController.swift in Sources */,
				DC243ABB1EA4A54E000E7806 /* GuestTableViewCell.swift in Sources */,
				DC36098C1E8461FE006ECA50 /* FriendsTableViewController.swift in Sources */,
				DC61FF651E9C15EE000E8299 /* GetHomeViewController.swift in Sources */,
				DC8FB6F71E7C333E00EB3E63 /* HomeViewController.swift in Sources */,
				DC04845B1E96C23B00EE7623 /* Extensions.swift in Sources */,
				DC9B04691E97470D00DD6FFF /* EventTableViewCell.swift in Sources */,
				855B5E941E86200100E1B83D /* SideMenuTableViewController.swift in Sources */,
				DCC48D571EA5CD780058083A /* PasswordResetViewController.swift in Sources */,
				DCA20E811E8DB91400ACD277 /* CreateEventViewController.swift in Sources */,
			);
			runOnlyForDeploymentPostprocessing = 0;
		};
		DC5CFE3D1E55297B00205DF4 /* Sources */ = {
			isa = PBXSourcesBuildPhase;
			buildActionMask = 2147483647;
			files = (
				DC5CFE461E55297B00205DF4 /* DrinkingBruhTests.swift in Sources */,
			);
			runOnlyForDeploymentPostprocessing = 0;
		};
		DC5CFE481E55297B00205DF4 /* Sources */ = {
			isa = PBXSourcesBuildPhase;
			buildActionMask = 2147483647;
			files = (
				DC5CFE511E55297B00205DF4 /* DrinkingBruhUITests.swift in Sources */,
			);
			runOnlyForDeploymentPostprocessing = 0;
		};
/* End PBXSourcesBuildPhase section */

/* Begin PBXTargetDependency section */
		DC5CFE431E55297B00205DF4 /* PBXTargetDependency */ = {
			isa = PBXTargetDependency;
			target = DC5CFE2C1E55297B00205DF4 /* DrinkingBruh */;
			targetProxy = DC5CFE421E55297B00205DF4 /* PBXContainerItemProxy */;
		};
		DC5CFE4E1E55297B00205DF4 /* PBXTargetDependency */ = {
			isa = PBXTargetDependency;
			target = DC5CFE2C1E55297B00205DF4 /* DrinkingBruh */;
			targetProxy = DC5CFE4D1E55297B00205DF4 /* PBXContainerItemProxy */;
		};
/* End PBXTargetDependency section */

/* Begin XCBuildConfiguration section */
		DC5CFE531E55297B00205DF4 /* Debug */ = {
			isa = XCBuildConfiguration;
			buildSettings = {
				ALWAYS_SEARCH_USER_PATHS = NO;
				CLANG_ANALYZER_NONNULL = YES;
				CLANG_CXX_LANGUAGE_STANDARD = "gnu++0x";
				CLANG_CXX_LIBRARY = "libc++";
				CLANG_ENABLE_MODULES = YES;
				CLANG_ENABLE_OBJC_ARC = YES;
				CLANG_WARN_BOOL_CONVERSION = YES;
				CLANG_WARN_CONSTANT_CONVERSION = YES;
				CLANG_WARN_DIRECT_OBJC_ISA_USAGE = YES_ERROR;
				CLANG_WARN_DOCUMENTATION_COMMENTS = YES;
				CLANG_WARN_EMPTY_BODY = YES;
				CLANG_WARN_ENUM_CONVERSION = YES;
				CLANG_WARN_INFINITE_RECURSION = YES;
				CLANG_WARN_INT_CONVERSION = YES;
				CLANG_WARN_OBJC_ROOT_CLASS = YES_ERROR;
				CLANG_WARN_SUSPICIOUS_MOVE = YES;
				CLANG_WARN_UNREACHABLE_CODE = YES;
				CLANG_WARN__DUPLICATE_METHOD_MATCH = YES;
				"CODE_SIGN_IDENTITY[sdk=iphoneos*]" = "iPhone Developer";
				COPY_PHASE_STRIP = NO;
				DEBUG_INFORMATION_FORMAT = dwarf;
				ENABLE_STRICT_OBJC_MSGSEND = YES;
				ENABLE_TESTABILITY = YES;
				GCC_C_LANGUAGE_STANDARD = gnu99;
				GCC_DYNAMIC_NO_PIC = NO;
				GCC_NO_COMMON_BLOCKS = YES;
				GCC_OPTIMIZATION_LEVEL = 0;
				GCC_PREPROCESSOR_DEFINITIONS = (
					"DEBUG=1",
					"$(inherited)",
				);
				GCC_WARN_64_TO_32_BIT_CONVERSION = YES;
				GCC_WARN_ABOUT_RETURN_TYPE = YES_ERROR;
				GCC_WARN_UNDECLARED_SELECTOR = YES;
				GCC_WARN_UNINITIALIZED_AUTOS = YES_AGGRESSIVE;
				GCC_WARN_UNUSED_FUNCTION = YES;
				GCC_WARN_UNUSED_VARIABLE = YES;
				IPHONEOS_DEPLOYMENT_TARGET = 10.2;
				MTL_ENABLE_DEBUG_INFO = YES;
				ONLY_ACTIVE_ARCH = YES;
				SDKROOT = iphoneos;
				SWIFT_ACTIVE_COMPILATION_CONDITIONS = DEBUG;
				SWIFT_OPTIMIZATION_LEVEL = "-Onone";
			};
			name = Debug;
		};
		DC5CFE541E55297B00205DF4 /* Release */ = {
			isa = XCBuildConfiguration;
			buildSettings = {
				ALWAYS_SEARCH_USER_PATHS = NO;
				CLANG_ANALYZER_NONNULL = YES;
				CLANG_CXX_LANGUAGE_STANDARD = "gnu++0x";
				CLANG_CXX_LIBRARY = "libc++";
				CLANG_ENABLE_MODULES = YES;
				CLANG_ENABLE_OBJC_ARC = YES;
				CLANG_WARN_BOOL_CONVERSION = YES;
				CLANG_WARN_CONSTANT_CONVERSION = YES;
				CLANG_WARN_DIRECT_OBJC_ISA_USAGE = YES_ERROR;
				CLANG_WARN_DOCUMENTATION_COMMENTS = YES;
				CLANG_WARN_EMPTY_BODY = YES;
				CLANG_WARN_ENUM_CONVERSION = YES;
				CLANG_WARN_INFINITE_RECURSION = YES;
				CLANG_WARN_INT_CONVERSION = YES;
				CLANG_WARN_OBJC_ROOT_CLASS = YES_ERROR;
				CLANG_WARN_SUSPICIOUS_MOVE = YES;
				CLANG_WARN_UNREACHABLE_CODE = YES;
				CLANG_WARN__DUPLICATE_METHOD_MATCH = YES;
				"CODE_SIGN_IDENTITY[sdk=iphoneos*]" = "iPhone Developer";
				COPY_PHASE_STRIP = NO;
				DEBUG_INFORMATION_FORMAT = "dwarf-with-dsym";
				ENABLE_NS_ASSERTIONS = NO;
				ENABLE_STRICT_OBJC_MSGSEND = YES;
				GCC_C_LANGUAGE_STANDARD = gnu99;
				GCC_NO_COMMON_BLOCKS = YES;
				GCC_WARN_64_TO_32_BIT_CONVERSION = YES;
				GCC_WARN_ABOUT_RETURN_TYPE = YES_ERROR;
				GCC_WARN_UNDECLARED_SELECTOR = YES;
				GCC_WARN_UNINITIALIZED_AUTOS = YES_AGGRESSIVE;
				GCC_WARN_UNUSED_FUNCTION = YES;
				GCC_WARN_UNUSED_VARIABLE = YES;
				IPHONEOS_DEPLOYMENT_TARGET = 10.2;
				MTL_ENABLE_DEBUG_INFO = NO;
				SDKROOT = iphoneos;
				SWIFT_OPTIMIZATION_LEVEL = "-Owholemodule";
				VALIDATE_PRODUCT = YES;
			};
			name = Release;
		};
		DC5CFE561E55297B00205DF4 /* Debug */ = {
			isa = XCBuildConfiguration;
			baseConfigurationReference = AD7CBB29FBB31F91CD9BC77A /* Pods-DrinkingBruh.debug.xcconfig */;
			buildSettings = {
				ASSETCATALOG_COMPILER_APPICON_NAME = AppIcon;
				DEVELOPMENT_TEAM = 7GGJ3YUFK7;
				INFOPLIST_FILE = DrinkingBruh/Info.plist;
				LD_RUNPATH_SEARCH_PATHS = "$(inherited) @executable_path/Frameworks";
				PRODUCT_BUNDLE_IDENTIFIER = com.cs378.DrinkingBruh;
				PRODUCT_NAME = "$(TARGET_NAME)";
				SWIFT_VERSION = 3.0;
			};
			name = Debug;
		};
		DC5CFE571E55297B00205DF4 /* Release */ = {
			isa = XCBuildConfiguration;
			baseConfigurationReference = 2F8B250EC5EA89D84F188A92 /* Pods-DrinkingBruh.release.xcconfig */;
			buildSettings = {
				ASSETCATALOG_COMPILER_APPICON_NAME = AppIcon;
				DEVELOPMENT_TEAM = 7GGJ3YUFK7;
				INFOPLIST_FILE = DrinkingBruh/Info.plist;
				LD_RUNPATH_SEARCH_PATHS = "$(inherited) @executable_path/Frameworks";
				PRODUCT_BUNDLE_IDENTIFIER = com.cs378.DrinkingBruh;
				PRODUCT_NAME = "$(TARGET_NAME)";
				SWIFT_VERSION = 3.0;
			};
			name = Release;
		};
		DC5CFE591E55297B00205DF4 /* Debug */ = {
			isa = XCBuildConfiguration;
			baseConfigurationReference = 380EB5435B58586BD3D29EB3 /* Pods-DrinkingBruhTests.debug.xcconfig */;
			buildSettings = {
				ALWAYS_EMBED_SWIFT_STANDARD_LIBRARIES = YES;
				BUNDLE_LOADER = "$(TEST_HOST)";
				DEVELOPMENT_TEAM = 7GGJ3YUFK7;
				INFOPLIST_FILE = DrinkingBruhTests/Info.plist;
				LD_RUNPATH_SEARCH_PATHS = "$(inherited) @executable_path/Frameworks @loader_path/Frameworks";
				PRODUCT_BUNDLE_IDENTIFIER = com.cs378.DrinkingBruhTests;
				PRODUCT_NAME = "$(TARGET_NAME)";
				SWIFT_VERSION = 3.0;
				TEST_HOST = "$(BUILT_PRODUCTS_DIR)/DrinkingBruh.app/DrinkingBruh";
			};
			name = Debug;
		};
		DC5CFE5A1E55297B00205DF4 /* Release */ = {
			isa = XCBuildConfiguration;
			baseConfigurationReference = 33D0049DC12BF93CCEABFE31 /* Pods-DrinkingBruhTests.release.xcconfig */;
			buildSettings = {
				ALWAYS_EMBED_SWIFT_STANDARD_LIBRARIES = YES;
				BUNDLE_LOADER = "$(TEST_HOST)";
				DEVELOPMENT_TEAM = 7GGJ3YUFK7;
				INFOPLIST_FILE = DrinkingBruhTests/Info.plist;
				LD_RUNPATH_SEARCH_PATHS = "$(inherited) @executable_path/Frameworks @loader_path/Frameworks";
				PRODUCT_BUNDLE_IDENTIFIER = com.cs378.DrinkingBruhTests;
				PRODUCT_NAME = "$(TARGET_NAME)";
				SWIFT_VERSION = 3.0;
				TEST_HOST = "$(BUILT_PRODUCTS_DIR)/DrinkingBruh.app/DrinkingBruh";
			};
			name = Release;
		};
		DC5CFE5C1E55297B00205DF4 /* Debug */ = {
			isa = XCBuildConfiguration;
			baseConfigurationReference = BFEBFEED2172A7A25ACC8ECC /* Pods-DrinkingBruhUITests.debug.xcconfig */;
			buildSettings = {
				ALWAYS_EMBED_SWIFT_STANDARD_LIBRARIES = YES;
				DEVELOPMENT_TEAM = 7GGJ3YUFK7;
				INFOPLIST_FILE = DrinkingBruhUITests/Info.plist;
				LD_RUNPATH_SEARCH_PATHS = "$(inherited) @executable_path/Frameworks @loader_path/Frameworks";
				PRODUCT_BUNDLE_IDENTIFIER = com.cs378.DrinkingBruhUITests;
				PRODUCT_NAME = "$(TARGET_NAME)";
				SWIFT_VERSION = 3.0;
				TEST_TARGET_NAME = DrinkingBruh;
			};
			name = Debug;
		};
		DC5CFE5D1E55297B00205DF4 /* Release */ = {
			isa = XCBuildConfiguration;
			baseConfigurationReference = BE1A713617BE92617919251B /* Pods-DrinkingBruhUITests.release.xcconfig */;
			buildSettings = {
				ALWAYS_EMBED_SWIFT_STANDARD_LIBRARIES = YES;
				DEVELOPMENT_TEAM = 7GGJ3YUFK7;
				INFOPLIST_FILE = DrinkingBruhUITests/Info.plist;
				LD_RUNPATH_SEARCH_PATHS = "$(inherited) @executable_path/Frameworks @loader_path/Frameworks";
				PRODUCT_BUNDLE_IDENTIFIER = com.cs378.DrinkingBruhUITests;
				PRODUCT_NAME = "$(TARGET_NAME)";
				SWIFT_VERSION = 3.0;
				TEST_TARGET_NAME = DrinkingBruh;
			};
			name = Release;
		};
/* End XCBuildConfiguration section */

/* Begin XCConfigurationList section */
		DC5CFE281E55297B00205DF4 /* Build configuration list for PBXProject "DrinkingBruh" */ = {
			isa = XCConfigurationList;
			buildConfigurations = (
				DC5CFE531E55297B00205DF4 /* Debug */,
				DC5CFE541E55297B00205DF4 /* Release */,
			);
			defaultConfigurationIsVisible = 0;
			defaultConfigurationName = Release;
		};
		DC5CFE551E55297B00205DF4 /* Build configuration list for PBXNativeTarget "DrinkingBruh" */ = {
			isa = XCConfigurationList;
			buildConfigurations = (
				DC5CFE561E55297B00205DF4 /* Debug */,
				DC5CFE571E55297B00205DF4 /* Release */,
			);
			defaultConfigurationIsVisible = 0;
			defaultConfigurationName = Release;
		};
		DC5CFE581E55297B00205DF4 /* Build configuration list for PBXNativeTarget "DrinkingBruhTests" */ = {
			isa = XCConfigurationList;
			buildConfigurations = (
				DC5CFE591E55297B00205DF4 /* Debug */,
				DC5CFE5A1E55297B00205DF4 /* Release */,
			);
			defaultConfigurationIsVisible = 0;
			defaultConfigurationName = Release;
		};
		DC5CFE5B1E55297B00205DF4 /* Build configuration list for PBXNativeTarget "DrinkingBruhUITests" */ = {
			isa = XCConfigurationList;
			buildConfigurations = (
				DC5CFE5C1E55297B00205DF4 /* Debug */,
				DC5CFE5D1E55297B00205DF4 /* Release */,
			);
			defaultConfigurationIsVisible = 0;
			defaultConfigurationName = Release;
		};
/* End XCConfigurationList section */
	};
	rootObject = DC5CFE251E55297B00205DF4 /* Project object */;
}
